// !$*UTF8*$!
{
	archiveVersion = 1;
	classes = {
	};
	objectVersion = 46;
	objects = {

/* Begin PBXBuildFile section */
		49D022BD1C1842DC00F4F1A1 /* main.m in Sources */ = {isa = PBXBuildFile; fileRef = 49D022BC1C1842DC00F4F1A1 /* main.m */; };
		49D022C51C1849D000F4F1A1 /* Person.m in Sources */ = {isa = PBXBuildFile; fileRef = 49D022C41C1849D000F4F1A1 /* Person.m */; };
		49D022CB1C18527900F4F1A1 /* Student.m in Sources */ = {isa = PBXBuildFile; fileRef = 49D022CA1C18527900F4F1A1 /* Student.m */; };
		49D022CE1C18547200F4F1A1 /* Teacher.m in Sources */ = {isa = PBXBuildFile; fileRef = 49D022CD1C18547200F4F1A1 /* Teacher.m */; };
		49D022D11C1854E900F4F1A1 /* OurClass.m in Sources */ = {isa = PBXBuildFile; fileRef = 49D022D01C1854E900F4F1A1 /* OurClass.m */; };
/* End PBXBuildFile section */

/* Begin PBXCopyFilesBuildPhase section */
		49D022B71C1842DC00F4F1A1 /* CopyFiles */ = {
			isa = PBXCopyFilesBuildPhase;
			buildActionMask = 2147483647;
			dstPath = /usr/share/man/man1/;
			dstSubfolderSpec = 0;
			files = (
			);
			runOnlyForDeploymentPostprocessing = 1;
		};
/* End PBXCopyFilesBuildPhase section */

/* Begin PBXFileReference section */
		49D022B91C1842DC00F4F1A1 /* OC07-作业 */ = {isa = PBXFileReference; explicitFileType = "compiled.mach-o.executable"; includeInIndex = 0; path = "OC07-作业"; sourceTree = BUILT_PRODUCTS_DIR; };
		49D022BC1C1842DC00F4F1A1 /* main.m */ = {isa = PBXFileReference; lastKnownFileType = sourcecode.c.objc; path = main.m; sourceTree = "<group>"; };
		49D022C31C1849D000F4F1A1 /* Person.h */ = {isa = PBXFileReference; fileEncoding = 4; lastKnownFileType = sourcecode.c.h; path = Person.h; sourceTree = "<group>"; };
		49D022C41C1849D000F4F1A1 /* Person.m */ = {isa = PBXFileReference; fileEncoding = 4; lastKnownFileType = sourcecode.c.objc; path = Person.m; sourceTree = "<group>"; };
		49D022C91C18527900F4F1A1 /* Student.h */ = {isa = PBXFileReference; fileEncoding = 4; lastKnownFileType = sourcecode.c.h; path = Student.h; sourceTree = "<group>"; };
		49D022CA1C18527900F4F1A1 /* Student.m */ = {isa = PBXFileReference; fileEncoding = 4; lastKnownFileType = sourcecode.c.objc; path = Student.m; sourceTree = "<group>"; };
		49D022CC1C18547200F4F1A1 /* Teacher.h */ = {isa = PBXFileReference; fileEncoding = 4; lastKnownFileType = sourcecode.c.h; path = Teacher.h; sourceTree = "<group>"; };
		49D022CD1C18547200F4F1A1 /* Teacher.m */ = {isa = PBXFileReference; fileEncoding = 4; lastKnownFileType = sourcecode.c.objc; path = Teacher.m; sourceTree = "<group>"; };
		49D022CF1C1854E900F4F1A1 /* OurClass.h */ = {isa = PBXFileReference; fileEncoding = 4; lastKnownFileType = sourcecode.c.h; path = OurClass.h; sourceTree = "<group>"; };
		49D022D01C1854E900F4F1A1 /* OurClass.m */ = {isa = PBXFileReference; fileEncoding = 4; lastKnownFileType = sourcecode.c.objc; path = OurClass.m; sourceTree = "<group>"; };
/* End PBXFileReference section */

/* Begin PBXFrameworksBuildPhase section */
		49D022B61C1842DC00F4F1A1 /* Frameworks */ = {
			isa = PBXFrameworksBuildPhase;
			buildActionMask = 2147483647;
			files = (
			);
			runOnlyForDeploymentPostprocessing = 0;
		};
/* End PBXFrameworksBuildPhase section */

/* Begin PBXGroup section */
		49D022B01C1842DC00F4F1A1 = {
			isa = PBXGroup;
			children = (
				49D022BB1C1842DC00F4F1A1 /* OC07-作业 */,
				49D022BA1C1842DC00F4F1A1 /* Products */,
			);
			sourceTree = "<group>";
		};
		49D022BA1C1842DC00F4F1A1 /* Products */ = {
			isa = PBXGroup;
			children = (
				49D022B91C1842DC00F4F1A1 /* OC07-作业 */,
			);
			name = Products;
			sourceTree = "<group>";
		};
		49D022BB1C1842DC00F4F1A1 /* OC07-作业 */ = {
			isa = PBXGroup;
			children = (
				49D022BC1C1842DC00F4F1A1 /* main.m */,
				49D022CF1C1854E900F4F1A1 /* OurClass.h */,
				49D022D01C1854E900F4F1A1 /* OurClass.m */,
				49D022CC1C18547200F4F1A1 /* Teacher.h */,
				49D022CD1C18547200F4F1A1 /* Teacher.m */,
				49D022C91C18527900F4F1A1 /* Student.h */,
				49D022CA1C18527900F4F1A1 /* Student.m */,
				49D022C31C1849D000F4F1A1 /* Person.h */,
				49D022C41C1849D000F4F1A1 /* Person.m */,
			);
			path = "OC07-作业";
			sourceTree = "<group>";
		};
/* End PBXGroup section */

/* Begin PBXNativeTarget section */
		49D022B81C1842DC00F4F1A1 /* OC07-作业 */ = {
			isa = PBXNativeTarget;
			buildConfigurationList = 49D022C01C1842DC00F4F1A1 /* Build configuration list for PBXNativeTarget "OC07-作业" */;
			buildPhases = (
				49D022B51C1842DC00F4F1A1 /* Sources */,
				49D022B61C1842DC00F4F1A1 /* Frameworks */,
				49D022B71C1842DC00F4F1A1 /* CopyFiles */,
			);
			buildRules = (
			);
			dependencies = (
			);
			name = "OC07-作业";
			productName = "OC07-作业";
			productReference = 49D022B91C1842DC00F4F1A1 /* OC07-作业 */;
			productType = "com.apple.product-type.tool";
		};
/* End PBXNativeTarget section */

/* Begin PBXProject section */
		49D022B11C1842DC00F4F1A1 /* Project object */ = {
			isa = PBXProject;
			attributes = {
				LastUpgradeCheck = 0710;
				ORGANIZATIONNAME = dllo;
				TargetAttributes = {
					49D022B81C1842DC00F4F1A1 = {
						CreatedOnToolsVersion = 7.1;
					};
				};
			};
			buildConfigurationList = 49D022B41C1842DC00F4F1A1 /* Build configuration list for PBXProject "OC07-作业" */;
			compatibilityVersion = "Xcode 3.2";
			developmentRegion = English;
			hasScannedForEncodings = 0;
			knownRegions = (
				en,
			);
			mainGroup = 49D022B01C1842DC00F4F1A1;
			productRefGroup = 49D022BA1C1842DC00F4F1A1 /* Products */;
			projectDirPath = "";
			projectRoot = "";
			targets = (
				49D022B81C1842DC00F4F1A1 /* OC07-作业 */,
			);
		};
/* End PBXProject section */

/* Begin PBXSourcesBuildPhase section */
		49D022B51C1842DC00F4F1A1 /* Sources */ = {
			isa = PBXSourcesBuildPhase;
			buildActionMask = 2147483647;
			files = (
				49D022CE1C18547200F4F1A1 /* Teacher.m in Sources */,
				49D022D11C1854E900F4F1A1 /* OurClass.m in Sources */,
				49D022C51C1849D000F4F1A1 /* Person.m in Sources */,
				49D022BD1C1842DC00F4F1A1 /* main.m in Sources */,
				49D022CB1C18527900F4F1A1 /* Student.m in Sources */,
			);
			runOnlyForDeploymentPostprocessing = 0;
		};
/* End PBXSourcesBuildPhase section */

/* Begin XCBuildConfiguration section */
		49D022BE1C1842DC00F4F1A1 /* Debug */ = {
			isa = XCBuildConfiguration;
			buildSettings = {
				ALWAYS_SEARCH_USER_PATHS = NO;
				CLANG_CXX_LANGUAGE_STANDARD = "gnu++0x";
				CLANG_CXX_LIBRARY = "libc++";
				CLANG_ENABLE_MODULES = YES;
				CLANG_ENABLE_OBJC_ARC = YES;
				CLANG_WARN_BOOL_CONVERSION = YES;
				CLANG_WARN_CONSTANT_CONVERSION = YES;
				CLANG_WARN_DIRECT_OBJC_ISA_USAGE = YES_ERROR;
				CLANG_WARN_EMPTY_BODY = YES;
				CLANG_WARN_ENUM_CONVERSION = YES;
				CLANG_WARN_INT_CONVERSION = YES;
				CLANG_WARN_OBJC_ROOT_CLASS = YES_ERROR;
				CLANG_WARN_UNREACHABLE_CODE = YES;
				CLANG_WARN__DUPLICATE_METHOD_MATCH = YES;
				CODE_SIGN_IDENTITY = "-";
				COPY_PHASE_STRIP = NO;
				DEBUG_INFORMATION_FORMAT = dwarf;
				ENABLE_STRICT_OBJC_MSGSEND = YES;
				ENABLE_TESTABILITY = YES;
				GCC_C_LANGUAGE_STANDARD = gnu99;
				GCC_DYNAMIC_NO_PIC = NO;
				GCC_NO_COMMON_BLOCKS = YES;
				GCC_OPTIMIZATION_LEVEL = 0;
				GCC_PREPROCESSOR_DEFINITIONS = (
					"DEBUG=1",
					"$(inherited)",
				);
				GCC_WARN_64_TO_32_BIT_CONVERSION = YES;
				GCC_WARN_ABOUT_RETURN_TYPE = YES_ERROR;
				GCC_WARN_UNDECLARED_SELECTOR = YES;
				GCC_WARN_UNINITIALIZED_AUTOS = YES_AGGRESSIVE;
				GCC_WARN_UNUSED_FUNCTION = YES;
				GCC_WARN_UNUSED_VARIABLE = YES;
				MACOSX_DEPLOYMENT_TARGET = 10.11;
				MTL_ENABLE_DEBUG_INFO = YES;
				ONLY_ACTIVE_ARCH = YES;
				SDKROOT = macosx;
			};
			name = Debug;
		};
		49D022BF1C1842DC00F4F1A1 /* Release */ = {
			isa = XCBuildConfiguration;
			buildSettings = {
				ALWAYS_SEARCH_USER_PATHS = NO;
				CLANG_CXX_LANGUAGE_STANDARD = "gnu++0x";
				CLANG_CXX_LIBRARY = "libc++";
				CLANG_ENABLE_MODULES = YES;
				CLANG_ENABLE_OBJC_ARC = YES;
				CLANG_WARN_BOOL_CONVERSION = YES;
				CLANG_WARN_CONSTANT_CONVERSION = YES;
				CLANG_WARN_DIRECT_OBJC_ISA_USAGE = YES_ERROR;
				CLANG_WARN_EMPTY_BODY = YES;
				CLANG_WARN_ENUM_CONVERSION = YES;
				CLANG_WARN_INT_CONVERSION = YES;
				CLANG_WARN_OBJC_ROOT_CLASS = YES_ERROR;
				CLANG_WARN_UNREACHABLE_CODE = YES;
				CLANG_WARN__DUPLICATE_METHOD_MATCH = YES;
				CODE_SIGN_IDENTITY = "-";
				COPY_PHASE_STRIP = NO;
				DEBUG_INFORMATION_FORMAT = "dwarf-with-dsym";
				ENABLE_NS_ASSERTIONS = NO;
				ENABLE_STRICT_OBJC_MSGSEND = YES;
				GCC_C_LANGUAGE_STANDARD = gnu99;
				GCC_NO_COMMON_BLOCKS = YES;
				GCC_WARN_64_TO_32_BIT_CONVERSION = YES;
				GCC_WARN_ABOUT_RETURN_TYPE = YES_ERROR;
				GCC_WARN_UNDECLARED_SELECTOR = YES;
				GCC_WARN_UNINITIALIZED_AUTOS = YES_AGGRESSIVE;
				GCC_WARN_UNUSED_FUNCTION = YES;
				GCC_WARN_UNUSED_VARIABLE = YES;
				MACOSX_DEPLOYMENT_TARGET = 10.11;
				MTL_ENABLE_DEBUG_INFO = NO;
				SDKROOT = macosx;
			};
			name = Release;
		};
		49D022C11C1842DC00F4F1A1 /* Debug */ = {
			isa = XCBuildConfiguration;
			buildSettings = {
				PRODUCT_NAME = "$(TARGET_NAME)";
			};
			name = Debug;
		};
		49D022C21C1842DC00F4F1A1 /* Release */ = {
			isa = XCBuildConfiguration;
			buildSettings = {
				PRODUCT_NAME = "$(TARGET_NAME)";
			};
			name = Release;
		};
/* End XCBuildConfiguration section */

/* Begin XCConfigurationList section */
		49D022B41C1842DC00F4F1A1 /* Build configuration list for PBXProject "OC07-作业" */ = {
			isa = XCConfigurationList;
			buildConfigurations = (
				49D022BE1C1842DC00F4F1A1 /* Debug */,
				49D022BF1C1842DC00F4F1A1 /* Release */,
			);
			defaultConfigurationIsVisible = 0;
			defaultConfigurationName = Release;
		};
		49D022C01C1842DC00F4F1A1 /* Build configuration list for PBXNativeTarget "OC07-作业" */ = {
			isa = XCConfigurationList;
			buildConfigurations = (
				49D022C11C1842DC00F4F1A1 /* Debug */,
				49D022C21C1842DC00F4F1A1 /* Release */,
			);
			defaultConfigurationIsVisible = 0;
		};
/* End XCConfigurationList section */
	};
	rootObject = 49D022B11C1842DC00F4F1A1 /* Project object */;
}
