// !$*UTF8*$!
{
	archiveVersion = 1;
	classes = {
	};
	objectVersion = 46;
	objects = {

/* Begin PBXBuildFile section */
		49E97B061C3B57DC0077F680 /* main.m in Sources */ = {isa = PBXBuildFile; fileRef = 49E97B051C3B57DC0077F680 /* main.m */; };
		49E97B091C3B57DC0077F680 /* AppDelegate.m in Sources */ = {isa = PBXBuildFile; fileRef = 49E97B081C3B57DC0077F680 /* AppDelegate.m */; };
		49E97B0C1C3B57DC0077F680 /* ViewController.m in Sources */ = {isa = PBXBuildFile; fileRef = 49E97B0B1C3B57DC0077F680 /* ViewController.m */; };
		49E97B0F1C3B57DC0077F680 /* Main.storyboard in Resources */ = {isa = PBXBuildFile; fileRef = 49E97B0D1C3B57DC0077F680 /* Main.storyboard */; };
		49E97B111C3B57DC0077F680 /* Assets.xcassets in Resources */ = {isa = PBXBuildFile; fileRef = 49E97B101C3B57DC0077F680 /* Assets.xcassets */; };
		49E97B141C3B57DC0077F680 /* LaunchScreen.storyboard in Resources */ = {isa = PBXBuildFile; fileRef = 49E97B121C3B57DC0077F680 /* LaunchScreen.storyboard */; };
		49E97B1F1C3B57DC0077F680 /* UI_NextResponderTests.m in Sources */ = {isa = PBXBuildFile; fileRef = 49E97B1E1C3B57DC0077F680 /* UI_NextResponderTests.m */; };
		49E97B2A1C3B57DC0077F680 /* UI_NextResponderUITests.m in Sources */ = {isa = PBXBuildFile; fileRef = 49E97B291C3B57DC0077F680 /* UI_NextResponderUITests.m */; };
		49E97B391C3B5A750077F680 /* ScrollForCustom.m in Sources */ = {isa = PBXBuildFile; fileRef = 49E97B381C3B5A750077F680 /* ScrollForCustom.m */; };
/* End PBXBuildFile section */

/* Begin PBXContainerItemProxy section */
		49E97B1B1C3B57DC0077F680 /* PBXContainerItemProxy */ = {
			isa = PBXContainerItemProxy;
			containerPortal = 49E97AF91C3B57DB0077F680 /* Project object */;
			proxyType = 1;
			remoteGlobalIDString = 49E97B001C3B57DC0077F680;
			remoteInfo = UI_NextResponder;
		};
		49E97B261C3B57DC0077F680 /* PBXContainerItemProxy */ = {
			isa = PBXContainerItemProxy;
			containerPortal = 49E97AF91C3B57DB0077F680 /* Project object */;
			proxyType = 1;
			remoteGlobalIDString = 49E97B001C3B57DC0077F680;
			remoteInfo = UI_NextResponder;
		};
/* End PBXContainerItemProxy section */

/* Begin PBXFileReference section */
		49E97B011C3B57DC0077F680 /* UI_NextResponder.app */ = {isa = PBXFileReference; explicitFileType = wrapper.application; includeInIndex = 0; path = UI_NextResponder.app; sourceTree = BUILT_PRODUCTS_DIR; };
		49E97B051C3B57DC0077F680 /* main.m */ = {isa = PBXFileReference; lastKnownFileType = sourcecode.c.objc; path = main.m; sourceTree = "<group>"; };
		49E97B071C3B57DC0077F680 /* AppDelegate.h */ = {isa = PBXFileReference; lastKnownFileType = sourcecode.c.h; path = AppDelegate.h; sourceTree = "<group>"; };
		49E97B081C3B57DC0077F680 /* AppDelegate.m */ = {isa = PBXFileReference; lastKnownFileType = sourcecode.c.objc; path = AppDelegate.m; sourceTree = "<group>"; };
		49E97B0A1C3B57DC0077F680 /* ViewController.h */ = {isa = PBXFileReference; lastKnownFileType = sourcecode.c.h; path = ViewController.h; sourceTree = "<group>"; };
		49E97B0B1C3B57DC0077F680 /* ViewController.m */ = {isa = PBXFileReference; lastKnownFileType = sourcecode.c.objc; path = ViewController.m; sourceTree = "<group>"; };
		49E97B0E1C3B57DC0077F680 /* Base */ = {isa = PBXFileReference; lastKnownFileType = file.storyboard; name = Base; path = Base.lproj/Main.storyboard; sourceTree = "<group>"; };
		49E97B101C3B57DC0077F680 /* Assets.xcassets */ = {isa = PBXFileReference; lastKnownFileType = folder.assetcatalog; path = Assets.xcassets; sourceTree = "<group>"; };
		49E97B131C3B57DC0077F680 /* Base */ = {isa = PBXFileReference; lastKnownFileType = file.storyboard; name = Base; path = Base.lproj/LaunchScreen.storyboard; sourceTree = "<group>"; };
		49E97B151C3B57DC0077F680 /* Info.plist */ = {isa = PBXFileReference; lastKnownFileType = text.plist.xml; path = Info.plist; sourceTree = "<group>"; };
		49E97B1A1C3B57DC0077F680 /* UI_NextResponderTests.xctest */ = {isa = PBXFileReference; explicitFileType = wrapper.cfbundle; includeInIndex = 0; path = UI_NextResponderTests.xctest; sourceTree = BUILT_PRODUCTS_DIR; };
		49E97B1E1C3B57DC0077F680 /* UI_NextResponderTests.m */ = {isa = PBXFileReference; lastKnownFileType = sourcecode.c.objc; path = UI_NextResponderTests.m; sourceTree = "<group>"; };
		49E97B201C3B57DC0077F680 /* Info.plist */ = {isa = PBXFileReference; lastKnownFileType = text.plist.xml; path = Info.plist; sourceTree = "<group>"; };
		49E97B251C3B57DC0077F680 /* UI_NextResponderUITests.xctest */ = {isa = PBXFileReference; explicitFileType = wrapper.cfbundle; includeInIndex = 0; path = UI_NextResponderUITests.xctest; sourceTree = BUILT_PRODUCTS_DIR; };
		49E97B291C3B57DC0077F680 /* UI_NextResponderUITests.m */ = {isa = PBXFileReference; lastKnownFileType = sourcecode.c.objc; path = UI_NextResponderUITests.m; sourceTree = "<group>"; };
		49E97B2B1C3B57DC0077F680 /* Info.plist */ = {isa = PBXFileReference; lastKnownFileType = text.plist.xml; path = Info.plist; sourceTree = "<group>"; };
		49E97B371C3B5A750077F680 /* ScrollForCustom.h */ = {isa = PBXFileReference; fileEncoding = 4; lastKnownFileType = sourcecode.c.h; path = ScrollForCustom.h; sourceTree = "<group>"; };
		49E97B381C3B5A750077F680 /* ScrollForCustom.m */ = {isa = PBXFileReference; fileEncoding = 4; lastKnownFileType = sourcecode.c.objc; path = ScrollForCustom.m; sourceTree = "<group>"; };
/* End PBXFileReference section */

/* Begin PBXFrameworksBuildPhase section */
		49E97AFE1C3B57DC0077F680 /* Frameworks */ = {
			isa = PBXFrameworksBuildPhase;
			buildActionMask = 2147483647;
			files = (
			);
			runOnlyForDeploymentPostprocessing = 0;
		};
		49E97B171C3B57DC0077F680 /* Frameworks */ = {
			isa = PBXFrameworksBuildPhase;
			buildActionMask = 2147483647;
			files = (
			);
			runOnlyForDeploymentPostprocessing = 0;
		};
		49E97B221C3B57DC0077F680 /* Frameworks */ = {
			isa = PBXFrameworksBuildPhase;
			buildActionMask = 2147483647;
			files = (
			);
			runOnlyForDeploymentPostprocessing = 0;
		};
/* End PBXFrameworksBuildPhase section */

/* Begin PBXGroup section */
		49E97AF81C3B57DB0077F680 = {
			isa = PBXGroup;
			children = (
				49E97B031C3B57DC0077F680 /* UI_NextResponder */,
				49E97B1D1C3B57DC0077F680 /* UI_NextResponderTests */,
				49E97B281C3B57DC0077F680 /* UI_NextResponderUITests */,
				49E97B021C3B57DC0077F680 /* Products */,
			);
			sourceTree = "<group>";
		};
		49E97B021C3B57DC0077F680 /* Products */ = {
			isa = PBXGroup;
			children = (
				49E97B011C3B57DC0077F680 /* UI_NextResponder.app */,
				49E97B1A1C3B57DC0077F680 /* UI_NextResponderTests.xctest */,
				49E97B251C3B57DC0077F680 /* UI_NextResponderUITests.xctest */,
			);
			name = Products;
			sourceTree = "<group>";
		};
		49E97B031C3B57DC0077F680 /* UI_NextResponder */ = {
			isa = PBXGroup;
			children = (
				49E97B071C3B57DC0077F680 /* AppDelegate.h */,
				49E97B081C3B57DC0077F680 /* AppDelegate.m */,
				49E97B0A1C3B57DC0077F680 /* ViewController.h */,
				49E97B0B1C3B57DC0077F680 /* ViewController.m */,
				49E97B3A1C3B5A890077F680 /* view */,
				49E97B0D1C3B57DC0077F680 /* Main.storyboard */,
				49E97B101C3B57DC0077F680 /* Assets.xcassets */,
				49E97B121C3B57DC0077F680 /* LaunchScreen.storyboard */,
				49E97B151C3B57DC0077F680 /* Info.plist */,
				49E97B041C3B57DC0077F680 /* Supporting Files */,
			);
			path = UI_NextResponder;
			sourceTree = "<group>";
		};
		49E97B041C3B57DC0077F680 /* Supporting Files */ = {
			isa = PBXGroup;
			children = (
				49E97B051C3B57DC0077F680 /* main.m */,
			);
			name = "Supporting Files";
			sourceTree = "<group>";
		};
		49E97B1D1C3B57DC0077F680 /* UI_NextResponderTests */ = {
			isa = PBXGroup;
			children = (
				49E97B1E1C3B57DC0077F680 /* UI_NextResponderTests.m */,
				49E97B201C3B57DC0077F680 /* Info.plist */,
			);
			path = UI_NextResponderTests;
			sourceTree = "<group>";
		};
		49E97B281C3B57DC0077F680 /* UI_NextResponderUITests */ = {
			isa = PBXGroup;
			children = (
				49E97B291C3B57DC0077F680 /* UI_NextResponderUITests.m */,
				49E97B2B1C3B57DC0077F680 /* Info.plist */,
			);
			path = UI_NextResponderUITests;
			sourceTree = "<group>";
		};
		49E97B3A1C3B5A890077F680 /* view */ = {
			isa = PBXGroup;
			children = (
				49E97B371C3B5A750077F680 /* ScrollForCustom.h */,
				49E97B381C3B5A750077F680 /* ScrollForCustom.m */,
			);
			name = view;
			sourceTree = "<group>";
		};
/* End PBXGroup section */

/* Begin PBXNativeTarget section */
		49E97B001C3B57DC0077F680 /* UI_NextResponder */ = {
			isa = PBXNativeTarget;
			buildConfigurationList = 49E97B2E1C3B57DC0077F680 /* Build configuration list for PBXNativeTarget "UI_NextResponder" */;
			buildPhases = (
				49E97AFD1C3B57DC0077F680 /* Sources */,
				49E97AFE1C3B57DC0077F680 /* Frameworks */,
				49E97AFF1C3B57DC0077F680 /* Resources */,
			);
			buildRules = (
			);
			dependencies = (
			);
			name = UI_NextResponder;
			productName = UI_NextResponder;
			productReference = 49E97B011C3B57DC0077F680 /* UI_NextResponder.app */;
			productType = "com.apple.product-type.application";
		};
		49E97B191C3B57DC0077F680 /* UI_NextResponderTests */ = {
			isa = PBXNativeTarget;
			buildConfigurationList = 49E97B311C3B57DC0077F680 /* Build configuration list for PBXNativeTarget "UI_NextResponderTests" */;
			buildPhases = (
				49E97B161C3B57DC0077F680 /* Sources */,
				49E97B171C3B57DC0077F680 /* Frameworks */,
				49E97B181C3B57DC0077F680 /* Resources */,
			);
			buildRules = (
			);
			dependencies = (
				49E97B1C1C3B57DC0077F680 /* PBXTargetDependency */,
			);
			name = UI_NextResponderTests;
			productName = UI_NextResponderTests;
			productReference = 49E97B1A1C3B57DC0077F680 /* UI_NextResponderTests.xctest */;
			productType = "com.apple.product-type.bundle.unit-test";
		};
		49E97B241C3B57DC0077F680 /* UI_NextResponderUITests */ = {
			isa = PBXNativeTarget;
			buildConfigurationList = 49E97B341C3B57DC0077F680 /* Build configuration list for PBXNativeTarget "UI_NextResponderUITests" */;
			buildPhases = (
				49E97B211C3B57DC0077F680 /* Sources */,
				49E97B221C3B57DC0077F680 /* Frameworks */,
				49E97B231C3B57DC0077F680 /* Resources */,
			);
			buildRules = (
			);
			dependencies = (
				49E97B271C3B57DC0077F680 /* PBXTargetDependency */,
			);
			name = UI_NextResponderUITests;
			productName = UI_NextResponderUITests;
			productReference = 49E97B251C3B57DC0077F680 /* UI_NextResponderUITests.xctest */;
			productType = "com.apple.product-type.bundle.ui-testing";
		};
/* End PBXNativeTarget section */

/* Begin PBXProject section */
		49E97AF91C3B57DB0077F680 /* Project object */ = {
			isa = PBXProject;
			attributes = {
				LastUpgradeCheck = 0710;
				ORGANIZATIONNAME = dllo;
				TargetAttributes = {
					49E97B001C3B57DC0077F680 = {
						CreatedOnToolsVersion = 7.1;
					};
					49E97B191C3B57DC0077F680 = {
						CreatedOnToolsVersion = 7.1;
						TestTargetID = 49E97B001C3B57DC0077F680;
					};
					49E97B241C3B57DC0077F680 = {
						CreatedOnToolsVersion = 7.1;
						TestTargetID = 49E97B001C3B57DC0077F680;
					};
				};
			};
			buildConfigurationList = 49E97AFC1C3B57DB0077F680 /* Build configuration list for PBXProject "UI_NextResponder" */;
			compatibilityVersion = "Xcode 3.2";
			developmentRegion = English;
			hasScannedForEncodings = 0;
			knownRegions = (
				en,
				Base,
			);
			mainGroup = 49E97AF81C3B57DB0077F680;
			productRefGroup = 49E97B021C3B57DC0077F680 /* Products */;
			projectDirPath = "";
			projectRoot = "";
			targets = (
				49E97B001C3B57DC0077F680 /* UI_NextResponder */,
				49E97B191C3B57DC0077F680 /* UI_NextResponderTests */,
				49E97B241C3B57DC0077F680 /* UI_NextResponderUITests */,
			);
		};
/* End PBXProject section */

/* Begin PBXResourcesBuildPhase section */
		49E97AFF1C3B57DC0077F680 /* Resources */ = {
			isa = PBXResourcesBuildPhase;
			buildActionMask = 2147483647;
			files = (
				49E97B141C3B57DC0077F680 /* LaunchScreen.storyboard in Resources */,
				49E97B111C3B57DC0077F680 /* Assets.xcassets in Resources */,
				49E97B0F1C3B57DC0077F680 /* Main.storyboard in Resources */,
			);
			runOnlyForDeploymentPostprocessing = 0;
		};
		49E97B181C3B57DC0077F680 /* Resources */ = {
			isa = PBXResourcesBuildPhase;
			buildActionMask = 2147483647;
			files = (
			);
			runOnlyForDeploymentPostprocessing = 0;
		};
		49E97B231C3B57DC0077F680 /* Resources */ = {
			isa = PBXResourcesBuildPhase;
			buildActionMask = 2147483647;
			files = (
			);
			runOnlyForDeploymentPostprocessing = 0;
		};
/* End PBXResourcesBuildPhase section */

/* Begin PBXSourcesBuildPhase section */
		49E97AFD1C3B57DC0077F680 /* Sources */ = {
			isa = PBXSourcesBuildPhase;
			buildActionMask = 2147483647;
			files = (
				49E97B0C1C3B57DC0077F680 /* ViewController.m in Sources */,
				49E97B391C3B5A750077F680 /* ScrollForCustom.m in Sources */,
				49E97B091C3B57DC0077F680 /* AppDelegate.m in Sources */,
				49E97B061C3B57DC0077F680 /* main.m in Sources */,
			);
			runOnlyForDeploymentPostprocessing = 0;
		};
		49E97B161C3B57DC0077F680 /* Sources */ = {
			isa = PBXSourcesBuildPhase;
			buildActionMask = 2147483647;
			files = (
				49E97B1F1C3B57DC0077F680 /* UI_NextResponderTests.m in Sources */,
			);
			runOnlyForDeploymentPostprocessing = 0;
		};
		49E97B211C3B57DC0077F680 /* Sources */ = {
			isa = PBXSourcesBuildPhase;
			buildActionMask = 2147483647;
			files = (
				49E97B2A1C3B57DC0077F680 /* UI_NextResponderUITests.m in Sources */,
			);
			runOnlyForDeploymentPostprocessing = 0;
		};
/* End PBXSourcesBuildPhase section */

/* Begin PBXTargetDependency section */
		49E97B1C1C3B57DC0077F680 /* PBXTargetDependency */ = {
			isa = PBXTargetDependency;
			target = 49E97B001C3B57DC0077F680 /* UI_NextResponder */;
			targetProxy = 49E97B1B1C3B57DC0077F680 /* PBXContainerItemProxy */;
		};
		49E97B271C3B57DC0077F680 /* PBXTargetDependency */ = {
			isa = PBXTargetDependency;
			target = 49E97B001C3B57DC0077F680 /* UI_NextResponder */;
			targetProxy = 49E97B261C3B57DC0077F680 /* PBXContainerItemProxy */;
		};
/* End PBXTargetDependency section */

/* Begin PBXVariantGroup section */
		49E97B0D1C3B57DC0077F680 /* Main.storyboard */ = {
			isa = PBXVariantGroup;
			children = (
				49E97B0E1C3B57DC0077F680 /* Base */,
			);
			name = Main.storyboard;
			sourceTree = "<group>";
		};
		49E97B121C3B57DC0077F680 /* LaunchScreen.storyboard */ = {
			isa = PBXVariantGroup;
			children = (
				49E97B131C3B57DC0077F680 /* Base */,
			);
			name = LaunchScreen.storyboard;
			sourceTree = "<group>";
		};
/* End PBXVariantGroup section */

/* Begin XCBuildConfiguration section */
		49E97B2C1C3B57DC0077F680 /* Debug */ = {
			isa = XCBuildConfiguration;
			buildSettings = {
				ALWAYS_SEARCH_USER_PATHS = NO;
				CLANG_CXX_LANGUAGE_STANDARD = "gnu++0x";
				CLANG_CXX_LIBRARY = "libc++";
				CLANG_ENABLE_MODULES = YES;
				CLANG_ENABLE_OBJC_ARC = YES;
				CLANG_WARN_BOOL_CONVERSION = YES;
				CLANG_WARN_CONSTANT_CONVERSION = YES;
				CLANG_WARN_DIRECT_OBJC_ISA_USAGE = YES_ERROR;
				CLANG_WARN_EMPTY_BODY = YES;
				CLANG_WARN_ENUM_CONVERSION = YES;
				CLANG_WARN_INT_CONVERSION = YES;
				CLANG_WARN_OBJC_ROOT_CLASS = YES_ERROR;
				CLANG_WARN_UNREACHABLE_CODE = YES;
				CLANG_WARN__DUPLICATE_METHOD_MATCH = YES;
				"CODE_SIGN_IDENTITY[sdk=iphoneos*]" = "iPhone Developer";
				COPY_PHASE_STRIP = NO;
				DEBUG_INFORMATION_FORMAT = dwarf;
				ENABLE_STRICT_OBJC_MSGSEND = YES;
				ENABLE_TESTABILITY = YES;
				GCC_C_LANGUAGE_STANDARD = gnu99;
				GCC_DYNAMIC_NO_PIC = NO;
				GCC_NO_COMMON_BLOCKS = YES;
				GCC_OPTIMIZATION_LEVEL = 0;
				GCC_PREPROCESSOR_DEFINITIONS = (
					"DEBUG=1",
					"$(inherited)",
				);
				GCC_WARN_64_TO_32_BIT_CONVERSION = YES;
				GCC_WARN_ABOUT_RETURN_TYPE = YES_ERROR;
				GCC_WARN_UNDECLARED_SELECTOR = YES;
				GCC_WARN_UNINITIALIZED_AUTOS = YES_AGGRESSIVE;
				GCC_WARN_UNUSED_FUNCTION = YES;
				GCC_WARN_UNUSED_VARIABLE = YES;
				IPHONEOS_DEPLOYMENT_TARGET = 9.1;
				MTL_ENABLE_DEBUG_INFO = YES;
				ONLY_ACTIVE_ARCH = YES;
				SDKROOT = iphoneos;
			};
			name = Debug;
		};
		49E97B2D1C3B57DC0077F680 /* Release */ = {
			isa = XCBuildConfiguration;
			buildSettings = {
				ALWAYS_SEARCH_USER_PATHS = NO;
				CLANG_CXX_LANGUAGE_STANDARD = "gnu++0x";
				CLANG_CXX_LIBRARY = "libc++";
				CLANG_ENABLE_MODULES = YES;
				CLANG_ENABLE_OBJC_ARC = YES;
				CLANG_WARN_BOOL_CONVERSION = YES;
				CLANG_WARN_CONSTANT_CONVERSION = YES;
				CLANG_WARN_DIRECT_OBJC_ISA_USAGE = YES_ERROR;
				CLANG_WARN_EMPTY_BODY = YES;
				CLANG_WARN_ENUM_CONVERSION = YES;
				CLANG_WARN_INT_CONVERSION = YES;
				CLANG_WARN_OBJC_ROOT_CLASS = YES_ERROR;
				CLANG_WARN_UNREACHABLE_CODE = YES;
				CLANG_WARN__DUPLICATE_METHOD_MATCH = YES;
				"CODE_SIGN_IDENTITY[sdk=iphoneos*]" = "iPhone Developer";
				COPY_PHASE_STRIP = NO;
				DEBUG_INFORMATION_FORMAT = "dwarf-with-dsym";
				ENABLE_NS_ASSERTIONS = NO;
				ENABLE_STRICT_OBJC_MSGSEND = YES;
				GCC_C_LANGUAGE_STANDARD = gnu99;
				GCC_NO_COMMON_BLOCKS = YES;
				GCC_WARN_64_TO_32_BIT_CONVERSION = YES;
				GCC_WARN_ABOUT_RETURN_TYPE = YES_ERROR;
				GCC_WARN_UNDECLARED_SELECTOR = YES;
				GCC_WARN_UNINITIALIZED_AUTOS = YES_AGGRESSIVE;
				GCC_WARN_UNUSED_FUNCTION = YES;
				GCC_WARN_UNUSED_VARIABLE = YES;
				IPHONEOS_DEPLOYMENT_TARGET = 9.1;
				MTL_ENABLE_DEBUG_INFO = NO;
				SDKROOT = iphoneos;
				VALIDATE_PRODUCT = YES;
			};
			name = Release;
		};
		49E97B2F1C3B57DC0077F680 /* Debug */ = {
			isa = XCBuildConfiguration;
			buildSettings = {
				ASSETCATALOG_COMPILER_APPICON_NAME = AppIcon;
				INFOPLIST_FILE = UI_NextResponder/Info.plist;
				LD_RUNPATH_SEARCH_PATHS = "$(inherited) @executable_path/Frameworks";
				PRODUCT_BUNDLE_IDENTIFIER = "com.lanou3g.UI-NextResponder";
				PRODUCT_NAME = "$(TARGET_NAME)";
			};
			name = Debug;
		};
		49E97B301C3B57DC0077F680 /* Release */ = {
			isa = XCBuildConfiguration;
			buildSettings = {
				ASSETCATALOG_COMPILER_APPICON_NAME = AppIcon;
				INFOPLIST_FILE = UI_NextResponder/Info.plist;
				LD_RUNPATH_SEARCH_PATHS = "$(inherited) @executable_path/Frameworks";
				PRODUCT_BUNDLE_IDENTIFIER = "com.lanou3g.UI-NextResponder";
				PRODUCT_NAME = "$(TARGET_NAME)";
			};
			name = Release;
		};
		49E97B321C3B57DC0077F680 /* Debug */ = {
			isa = XCBuildConfiguration;
			buildSettings = {
				BUNDLE_LOADER = "$(TEST_HOST)";
				INFOPLIST_FILE = UI_NextResponderTests/Info.plist;
				LD_RUNPATH_SEARCH_PATHS = "$(inherited) @executable_path/Frameworks @loader_path/Frameworks";
				PRODUCT_BUNDLE_IDENTIFIER = "com.lanou3g.UI-NextResponderTests";
				PRODUCT_NAME = "$(TARGET_NAME)";
				TEST_HOST = "$(BUILT_PRODUCTS_DIR)/UI_NextResponder.app/UI_NextResponder";
			};
			name = Debug;
		};
		49E97B331C3B57DC0077F680 /* Release */ = {
			isa = XCBuildConfiguration;
			buildSettings = {
				BUNDLE_LOADER = "$(TEST_HOST)";
				INFOPLIST_FILE = UI_NextResponderTests/Info.plist;
				LD_RUNPATH_SEARCH_PATHS = "$(inherited) @executable_path/Frameworks @loader_path/Frameworks";
				PRODUCT_BUNDLE_IDENTIFIER = "com.lanou3g.UI-NextResponderTests";
				PRODUCT_NAME = "$(TARGET_NAME)";
				TEST_HOST = "$(BUILT_PRODUCTS_DIR)/UI_NextResponder.app/UI_NextResponder";
			};
			name = Release;
		};
		49E97B351C3B57DC0077F680 /* Debug */ = {
			isa = XCBuildConfiguration;
			buildSettings = {
				INFOPLIST_FILE = UI_NextResponderUITests/Info.plist;
				LD_RUNPATH_SEARCH_PATHS = "$(inherited) @executable_path/Frameworks @loader_path/Frameworks";
				PRODUCT_BUNDLE_IDENTIFIER = "com.lanou3g.UI-NextResponderUITests";
				PRODUCT_NAME = "$(TARGET_NAME)";
				TEST_TARGET_NAME = UI_NextResponder;
				USES_XCTRUNNER = YES;
			};
			name = Debug;
		};
		49E97B361C3B57DC0077F680 /* Release */ = {
			isa = XCBuildConfiguration;
			buildSettings = {
				INFOPLIST_FILE = UI_NextResponderUITests/Info.plist;
				LD_RUNPATH_SEARCH_PATHS = "$(inherited) @executable_path/Frameworks @loader_path/Frameworks";
				PRODUCT_BUNDLE_IDENTIFIER = "com.lanou3g.UI-NextResponderUITests";
				PRODUCT_NAME = "$(TARGET_NAME)";
				TEST_TARGET_NAME = UI_NextResponder;
				USES_XCTRUNNER = YES;
			};
			name = Release;
		};
/* End XCBuildConfiguration section */

/* Begin XCConfigurationList section */
		49E97AFC1C3B57DB0077F680 /* Build configuration list for PBXProject "UI_NextResponder" */ = {
			isa = XCConfigurationList;
			buildConfigurations = (
				49E97B2C1C3B57DC0077F680 /* Debug */,
				49E97B2D1C3B57DC0077F680 /* Release */,
			);
			defaultConfigurationIsVisible = 0;
			defaultConfigurationName = Release;
		};
		49E97B2E1C3B57DC0077F680 /* Build configuration list for PBXNativeTarget "UI_NextResponder" */ = {
			isa = XCConfigurationList;
			buildConfigurations = (
				49E97B2F1C3B57DC0077F680 /* Debug */,
				49E97B301C3B57DC0077F680 /* Release */,
			);
			defaultConfigurationIsVisible = 0;
		};
		49E97B311C3B57DC0077F680 /* Build configuration list for PBXNativeTarget "UI_NextResponderTests" */ = {
			isa = XCConfigurationList;
			buildConfigurations = (
				49E97B321C3B57DC0077F680 /* Debug */,
				49E97B331C3B57DC0077F680 /* Release */,
			);
			defaultConfigurationIsVisible = 0;
		};
		49E97B341C3B57DC0077F680 /* Build configuration list for PBXNativeTarget "UI_NextResponderUITests" */ = {
			isa = XCConfigurationList;
			buildConfigurations = (
				49E97B351C3B57DC0077F680 /* Debug */,
				49E97B361C3B57DC0077F680 /* Release */,
			);
			defaultConfigurationIsVisible = 0;
		};
/* End XCConfigurationList section */
	};
	rootObject = 49E97AF91C3B57DB0077F680 /* Project object */;
}
