// !$*UTF8*$!
{
	archiveVersion = 1;
	classes = {
	};
	objectVersion = 46;
	objects = {

/* Begin PBXBuildFile section */
		49C3E3811C43885600A7D81D /* main.m in Sources */ = {isa = PBXBuildFile; fileRef = 49C3E3801C43885600A7D81D /* main.m */; };
		49C3E3841C43885600A7D81D /* AppDelegate.m in Sources */ = {isa = PBXBuildFile; fileRef = 49C3E3831C43885600A7D81D /* AppDelegate.m */; };
		49C3E3871C43885600A7D81D /* ViewController.m in Sources */ = {isa = PBXBuildFile; fileRef = 49C3E3861C43885600A7D81D /* ViewController.m */; };
		49C3E38A1C43885600A7D81D /* Main.storyboard in Resources */ = {isa = PBXBuildFile; fileRef = 49C3E3881C43885600A7D81D /* Main.storyboard */; };
		49C3E38C1C43885600A7D81D /* Assets.xcassets in Resources */ = {isa = PBXBuildFile; fileRef = 49C3E38B1C43885600A7D81D /* Assets.xcassets */; };
		49C3E38F1C43885600A7D81D /* LaunchScreen.storyboard in Resources */ = {isa = PBXBuildFile; fileRef = 49C3E38D1C43885600A7D81D /* LaunchScreen.storyboard */; };
		49C3E39A1C43885600A7D81D /* UI21_SQLiteTests.m in Sources */ = {isa = PBXBuildFile; fileRef = 49C3E3991C43885600A7D81D /* UI21_SQLiteTests.m */; };
		49C3E3A51C43885600A7D81D /* UI21_SQLiteUITests.m in Sources */ = {isa = PBXBuildFile; fileRef = 49C3E3A41C43885600A7D81D /* UI21_SQLiteUITests.m */; };
		49C3E3B41C43899200A7D81D /* DatabaseHandler.m in Sources */ = {isa = PBXBuildFile; fileRef = 49C3E3B31C43899200A7D81D /* DatabaseHandler.m */; };
		49C3E3B71C438CC200A7D81D /* libsqlite3.0.tbd in Frameworks */ = {isa = PBXBuildFile; fileRef = 49C3E3B61C438CC200A7D81D /* libsqlite3.0.tbd */; };
		49C3E3BA1C43A17F00A7D81D /* Students.m in Sources */ = {isa = PBXBuildFile; fileRef = 49C3E3B91C43A17F00A7D81D /* Students.m */; };
/* End PBXBuildFile section */

/* Begin PBXContainerItemProxy section */
		49C3E3961C43885600A7D81D /* PBXContainerItemProxy */ = {
			isa = PBXContainerItemProxy;
			containerPortal = 49C3E3741C43885600A7D81D /* Project object */;
			proxyType = 1;
			remoteGlobalIDString = 49C3E37B1C43885600A7D81D;
			remoteInfo = UI21_SQLite;
		};
		49C3E3A11C43885600A7D81D /* PBXContainerItemProxy */ = {
			isa = PBXContainerItemProxy;
			containerPortal = 49C3E3741C43885600A7D81D /* Project object */;
			proxyType = 1;
			remoteGlobalIDString = 49C3E37B1C43885600A7D81D;
			remoteInfo = UI21_SQLite;
		};
/* End PBXContainerItemProxy section */

/* Begin PBXFileReference section */
		49C3E37C1C43885600A7D81D /* UI21_SQLite.app */ = {isa = PBXFileReference; explicitFileType = wrapper.application; includeInIndex = 0; path = UI21_SQLite.app; sourceTree = BUILT_PRODUCTS_DIR; };
		49C3E3801C43885600A7D81D /* main.m */ = {isa = PBXFileReference; lastKnownFileType = sourcecode.c.objc; path = main.m; sourceTree = "<group>"; };
		49C3E3821C43885600A7D81D /* AppDelegate.h */ = {isa = PBXFileReference; lastKnownFileType = sourcecode.c.h; path = AppDelegate.h; sourceTree = "<group>"; };
		49C3E3831C43885600A7D81D /* AppDelegate.m */ = {isa = PBXFileReference; lastKnownFileType = sourcecode.c.objc; path = AppDelegate.m; sourceTree = "<group>"; };
		49C3E3851C43885600A7D81D /* ViewController.h */ = {isa = PBXFileReference; lastKnownFileType = sourcecode.c.h; path = ViewController.h; sourceTree = "<group>"; };
		49C3E3861C43885600A7D81D /* ViewController.m */ = {isa = PBXFileReference; lastKnownFileType = sourcecode.c.objc; path = ViewController.m; sourceTree = "<group>"; };
		49C3E3891C43885600A7D81D /* Base */ = {isa = PBXFileReference; lastKnownFileType = file.storyboard; name = Base; path = Base.lproj/Main.storyboard; sourceTree = "<group>"; };
		49C3E38B1C43885600A7D81D /* Assets.xcassets */ = {isa = PBXFileReference; lastKnownFileType = folder.assetcatalog; path = Assets.xcassets; sourceTree = "<group>"; };
		49C3E38E1C43885600A7D81D /* Base */ = {isa = PBXFileReference; lastKnownFileType = file.storyboard; name = Base; path = Base.lproj/LaunchScreen.storyboard; sourceTree = "<group>"; };
		49C3E3901C43885600A7D81D /* Info.plist */ = {isa = PBXFileReference; lastKnownFileType = text.plist.xml; path = Info.plist; sourceTree = "<group>"; };
		49C3E3951C43885600A7D81D /* UI21_SQLiteTests.xctest */ = {isa = PBXFileReference; explicitFileType = wrapper.cfbundle; includeInIndex = 0; path = UI21_SQLiteTests.xctest; sourceTree = BUILT_PRODUCTS_DIR; };
		49C3E3991C43885600A7D81D /* UI21_SQLiteTests.m */ = {isa = PBXFileReference; lastKnownFileType = sourcecode.c.objc; path = UI21_SQLiteTests.m; sourceTree = "<group>"; };
		49C3E39B1C43885600A7D81D /* Info.plist */ = {isa = PBXFileReference; lastKnownFileType = text.plist.xml; path = Info.plist; sourceTree = "<group>"; };
		49C3E3A01C43885600A7D81D /* UI21_SQLiteUITests.xctest */ = {isa = PBXFileReference; explicitFileType = wrapper.cfbundle; includeInIndex = 0; path = UI21_SQLiteUITests.xctest; sourceTree = BUILT_PRODUCTS_DIR; };
		49C3E3A41C43885600A7D81D /* UI21_SQLiteUITests.m */ = {isa = PBXFileReference; lastKnownFileType = sourcecode.c.objc; path = UI21_SQLiteUITests.m; sourceTree = "<group>"; };
		49C3E3A61C43885600A7D81D /* Info.plist */ = {isa = PBXFileReference; lastKnownFileType = text.plist.xml; path = Info.plist; sourceTree = "<group>"; };
		49C3E3B21C43899200A7D81D /* DatabaseHandler.h */ = {isa = PBXFileReference; fileEncoding = 4; lastKnownFileType = sourcecode.c.h; path = DatabaseHandler.h; sourceTree = "<group>"; };
		49C3E3B31C43899200A7D81D /* DatabaseHandler.m */ = {isa = PBXFileReference; fileEncoding = 4; lastKnownFileType = sourcecode.c.objc; path = DatabaseHandler.m; sourceTree = "<group>"; };
		49C3E3B61C438CC200A7D81D /* libsqlite3.0.tbd */ = {isa = PBXFileReference; lastKnownFileType = "sourcecode.text-based-dylib-definition"; name = libsqlite3.0.tbd; path = usr/lib/libsqlite3.0.tbd; sourceTree = SDKROOT; };
		49C3E3B81C43A17F00A7D81D /* Students.h */ = {isa = PBXFileReference; fileEncoding = 4; lastKnownFileType = sourcecode.c.h; path = Students.h; sourceTree = "<group>"; };
		49C3E3B91C43A17F00A7D81D /* Students.m */ = {isa = PBXFileReference; fileEncoding = 4; lastKnownFileType = sourcecode.c.objc; path = Students.m; sourceTree = "<group>"; };
/* End PBXFileReference section */

/* Begin PBXFrameworksBuildPhase section */
		49C3E3791C43885600A7D81D /* Frameworks */ = {
			isa = PBXFrameworksBuildPhase;
			buildActionMask = 2147483647;
			files = (
				49C3E3B71C438CC200A7D81D /* libsqlite3.0.tbd in Frameworks */,
			);
			runOnlyForDeploymentPostprocessing = 0;
		};
		49C3E3921C43885600A7D81D /* Frameworks */ = {
			isa = PBXFrameworksBuildPhase;
			buildActionMask = 2147483647;
			files = (
			);
			runOnlyForDeploymentPostprocessing = 0;
		};
		49C3E39D1C43885600A7D81D /* Frameworks */ = {
			isa = PBXFrameworksBuildPhase;
			buildActionMask = 2147483647;
			files = (
			);
			runOnlyForDeploymentPostprocessing = 0;
		};
/* End PBXFrameworksBuildPhase section */

/* Begin PBXGroup section */
		49C3E3731C43885600A7D81D = {
			isa = PBXGroup;
			children = (
				49C3E3B61C438CC200A7D81D /* libsqlite3.0.tbd */,
				49C3E37E1C43885600A7D81D /* UI21_SQLite */,
				49C3E3981C43885600A7D81D /* UI21_SQLiteTests */,
				49C3E3A31C43885600A7D81D /* UI21_SQLiteUITests */,
				49C3E37D1C43885600A7D81D /* Products */,
			);
			sourceTree = "<group>";
		};
		49C3E37D1C43885600A7D81D /* Products */ = {
			isa = PBXGroup;
			children = (
				49C3E37C1C43885600A7D81D /* UI21_SQLite.app */,
				49C3E3951C43885600A7D81D /* UI21_SQLiteTests.xctest */,
				49C3E3A01C43885600A7D81D /* UI21_SQLiteUITests.xctest */,
			);
			name = Products;
			sourceTree = "<group>";
		};
		49C3E37E1C43885600A7D81D /* UI21_SQLite */ = {
			isa = PBXGroup;
			children = (
				49C3E3821C43885600A7D81D /* AppDelegate.h */,
				49C3E3831C43885600A7D81D /* AppDelegate.m */,
				49C3E3851C43885600A7D81D /* ViewController.h */,
				49C3E3861C43885600A7D81D /* ViewController.m */,
				49C3E3BB1C43A18700A7D81D /* model */,
				49C3E3B51C43899A00A7D81D /* TOOLS */,
				49C3E3881C43885600A7D81D /* Main.storyboard */,
				49C3E38B1C43885600A7D81D /* Assets.xcassets */,
				49C3E38D1C43885600A7D81D /* LaunchScreen.storyboard */,
				49C3E3901C43885600A7D81D /* Info.plist */,
				49C3E37F1C43885600A7D81D /* Supporting Files */,
			);
			path = UI21_SQLite;
			sourceTree = "<group>";
		};
		49C3E37F1C43885600A7D81D /* Supporting Files */ = {
			isa = PBXGroup;
			children = (
				49C3E3801C43885600A7D81D /* main.m */,
			);
			name = "Supporting Files";
			sourceTree = "<group>";
		};
		49C3E3981C43885600A7D81D /* UI21_SQLiteTests */ = {
			isa = PBXGroup;
			children = (
				49C3E3991C43885600A7D81D /* UI21_SQLiteTests.m */,
				49C3E39B1C43885600A7D81D /* Info.plist */,
			);
			path = UI21_SQLiteTests;
			sourceTree = "<group>";
		};
		49C3E3A31C43885600A7D81D /* UI21_SQLiteUITests */ = {
			isa = PBXGroup;
			children = (
				49C3E3A41C43885600A7D81D /* UI21_SQLiteUITests.m */,
				49C3E3A61C43885600A7D81D /* Info.plist */,
			);
			path = UI21_SQLiteUITests;
			sourceTree = "<group>";
		};
		49C3E3B51C43899A00A7D81D /* TOOLS */ = {
			isa = PBXGroup;
			children = (
				49C3E3B21C43899200A7D81D /* DatabaseHandler.h */,
				49C3E3B31C43899200A7D81D /* DatabaseHandler.m */,
			);
			name = TOOLS;
			sourceTree = "<group>";
		};
		49C3E3BB1C43A18700A7D81D /* model */ = {
			isa = PBXGroup;
			children = (
				49C3E3B81C43A17F00A7D81D /* Students.h */,
				49C3E3B91C43A17F00A7D81D /* Students.m */,
			);
			name = model;
			sourceTree = "<group>";
		};
/* End PBXGroup section */

/* Begin PBXNativeTarget section */
		49C3E37B1C43885600A7D81D /* UI21_SQLite */ = {
			isa = PBXNativeTarget;
			buildConfigurationList = 49C3E3A91C43885600A7D81D /* Build configuration list for PBXNativeTarget "UI21_SQLite" */;
			buildPhases = (
				49C3E3781C43885600A7D81D /* Sources */,
				49C3E3791C43885600A7D81D /* Frameworks */,
				49C3E37A1C43885600A7D81D /* Resources */,
			);
			buildRules = (
			);
			dependencies = (
			);
			name = UI21_SQLite;
			productName = UI21_SQLite;
			productReference = 49C3E37C1C43885600A7D81D /* UI21_SQLite.app */;
			productType = "com.apple.product-type.application";
		};
		49C3E3941C43885600A7D81D /* UI21_SQLiteTests */ = {
			isa = PBXNativeTarget;
			buildConfigurationList = 49C3E3AC1C43885600A7D81D /* Build configuration list for PBXNativeTarget "UI21_SQLiteTests" */;
			buildPhases = (
				49C3E3911C43885600A7D81D /* Sources */,
				49C3E3921C43885600A7D81D /* Frameworks */,
				49C3E3931C43885600A7D81D /* Resources */,
			);
			buildRules = (
			);
			dependencies = (
				49C3E3971C43885600A7D81D /* PBXTargetDependency */,
			);
			name = UI21_SQLiteTests;
			productName = UI21_SQLiteTests;
			productReference = 49C3E3951C43885600A7D81D /* UI21_SQLiteTests.xctest */;
			productType = "com.apple.product-type.bundle.unit-test";
		};
		49C3E39F1C43885600A7D81D /* UI21_SQLiteUITests */ = {
			isa = PBXNativeTarget;
			buildConfigurationList = 49C3E3AF1C43885600A7D81D /* Build configuration list for PBXNativeTarget "UI21_SQLiteUITests" */;
			buildPhases = (
				49C3E39C1C43885600A7D81D /* Sources */,
				49C3E39D1C43885600A7D81D /* Frameworks */,
				49C3E39E1C43885600A7D81D /* Resources */,
			);
			buildRules = (
			);
			dependencies = (
				49C3E3A21C43885600A7D81D /* PBXTargetDependency */,
			);
			name = UI21_SQLiteUITests;
			productName = UI21_SQLiteUITests;
			productReference = 49C3E3A01C43885600A7D81D /* UI21_SQLiteUITests.xctest */;
			productType = "com.apple.product-type.bundle.ui-testing";
		};
/* End PBXNativeTarget section */

/* Begin PBXProject section */
		49C3E3741C43885600A7D81D /* Project object */ = {
			isa = PBXProject;
			attributes = {
				LastUpgradeCheck = 0710;
				ORGANIZATIONNAME = dllo;
				TargetAttributes = {
					49C3E37B1C43885600A7D81D = {
						CreatedOnToolsVersion = 7.1;
					};
					49C3E3941C43885600A7D81D = {
						CreatedOnToolsVersion = 7.1;
						TestTargetID = 49C3E37B1C43885600A7D81D;
					};
					49C3E39F1C43885600A7D81D = {
						CreatedOnToolsVersion = 7.1;
						TestTargetID = 49C3E37B1C43885600A7D81D;
					};
				};
			};
			buildConfigurationList = 49C3E3771C43885600A7D81D /* Build configuration list for PBXProject "UI21_SQLite" */;
			compatibilityVersion = "Xcode 3.2";
			developmentRegion = English;
			hasScannedForEncodings = 0;
			knownRegions = (
				en,
				Base,
			);
			mainGroup = 49C3E3731C43885600A7D81D;
			productRefGroup = 49C3E37D1C43885600A7D81D /* Products */;
			projectDirPath = "";
			projectRoot = "";
			targets = (
				49C3E37B1C43885600A7D81D /* UI21_SQLite */,
				49C3E3941C43885600A7D81D /* UI21_SQLiteTests */,
				49C3E39F1C43885600A7D81D /* UI21_SQLiteUITests */,
			);
		};
/* End PBXProject section */

/* Begin PBXResourcesBuildPhase section */
		49C3E37A1C43885600A7D81D /* Resources */ = {
			isa = PBXResourcesBuildPhase;
			buildActionMask = 2147483647;
			files = (
				49C3E38F1C43885600A7D81D /* LaunchScreen.storyboard in Resources */,
				49C3E38C1C43885600A7D81D /* Assets.xcassets in Resources */,
				49C3E38A1C43885600A7D81D /* Main.storyboard in Resources */,
			);
			runOnlyForDeploymentPostprocessing = 0;
		};
		49C3E3931C43885600A7D81D /* Resources */ = {
			isa = PBXResourcesBuildPhase;
			buildActionMask = 2147483647;
			files = (
			);
			runOnlyForDeploymentPostprocessing = 0;
		};
		49C3E39E1C43885600A7D81D /* Resources */ = {
			isa = PBXResourcesBuildPhase;
			buildActionMask = 2147483647;
			files = (
			);
			runOnlyForDeploymentPostprocessing = 0;
		};
/* End PBXResourcesBuildPhase section */

/* Begin PBXSourcesBuildPhase section */
		49C3E3781C43885600A7D81D /* Sources */ = {
			isa = PBXSourcesBuildPhase;
			buildActionMask = 2147483647;
			files = (
				49C3E3871C43885600A7D81D /* ViewController.m in Sources */,
				49C3E3BA1C43A17F00A7D81D /* Students.m in Sources */,
				49C3E3841C43885600A7D81D /* AppDelegate.m in Sources */,
				49C3E3811C43885600A7D81D /* main.m in Sources */,
				49C3E3B41C43899200A7D81D /* DatabaseHandler.m in Sources */,
			);
			runOnlyForDeploymentPostprocessing = 0;
		};
		49C3E3911C43885600A7D81D /* Sources */ = {
			isa = PBXSourcesBuildPhase;
			buildActionMask = 2147483647;
			files = (
				49C3E39A1C43885600A7D81D /* UI21_SQLiteTests.m in Sources */,
			);
			runOnlyForDeploymentPostprocessing = 0;
		};
		49C3E39C1C43885600A7D81D /* Sources */ = {
			isa = PBXSourcesBuildPhase;
			buildActionMask = 2147483647;
			files = (
				49C3E3A51C43885600A7D81D /* UI21_SQLiteUITests.m in Sources */,
			);
			runOnlyForDeploymentPostprocessing = 0;
		};
/* End PBXSourcesBuildPhase section */

/* Begin PBXTargetDependency section */
		49C3E3971C43885600A7D81D /* PBXTargetDependency */ = {
			isa = PBXTargetDependency;
			target = 49C3E37B1C43885600A7D81D /* UI21_SQLite */;
			targetProxy = 49C3E3961C43885600A7D81D /* PBXContainerItemProxy */;
		};
		49C3E3A21C43885600A7D81D /* PBXTargetDependency */ = {
			isa = PBXTargetDependency;
			target = 49C3E37B1C43885600A7D81D /* UI21_SQLite */;
			targetProxy = 49C3E3A11C43885600A7D81D /* PBXContainerItemProxy */;
		};
/* End PBXTargetDependency section */

/* Begin PBXVariantGroup section */
		49C3E3881C43885600A7D81D /* Main.storyboard */ = {
			isa = PBXVariantGroup;
			children = (
				49C3E3891C43885600A7D81D /* Base */,
			);
			name = Main.storyboard;
			sourceTree = "<group>";
		};
		49C3E38D1C43885600A7D81D /* LaunchScreen.storyboard */ = {
			isa = PBXVariantGroup;
			children = (
				49C3E38E1C43885600A7D81D /* Base */,
			);
			name = LaunchScreen.storyboard;
			sourceTree = "<group>";
		};
/* End PBXVariantGroup section */

/* Begin XCBuildConfiguration section */
		49C3E3A71C43885600A7D81D /* Debug */ = {
			isa = XCBuildConfiguration;
			buildSettings = {
				ALWAYS_SEARCH_USER_PATHS = NO;
				CLANG_CXX_LANGUAGE_STANDARD = "gnu++0x";
				CLANG_CXX_LIBRARY = "libc++";
				CLANG_ENABLE_MODULES = YES;
				CLANG_ENABLE_OBJC_ARC = YES;
				CLANG_WARN_BOOL_CONVERSION = YES;
				CLANG_WARN_CONSTANT_CONVERSION = YES;
				CLANG_WARN_DIRECT_OBJC_ISA_USAGE = YES_ERROR;
				CLANG_WARN_EMPTY_BODY = YES;
				CLANG_WARN_ENUM_CONVERSION = YES;
				CLANG_WARN_INT_CONVERSION = YES;
				CLANG_WARN_OBJC_ROOT_CLASS = YES_ERROR;
				CLANG_WARN_UNREACHABLE_CODE = YES;
				CLANG_WARN__DUPLICATE_METHOD_MATCH = YES;
				"CODE_SIGN_IDENTITY[sdk=iphoneos*]" = "iPhone Developer";
				COPY_PHASE_STRIP = NO;
				DEBUG_INFORMATION_FORMAT = dwarf;
				ENABLE_STRICT_OBJC_MSGSEND = YES;
				ENABLE_TESTABILITY = YES;
				GCC_C_LANGUAGE_STANDARD = gnu99;
				GCC_DYNAMIC_NO_PIC = NO;
				GCC_NO_COMMON_BLOCKS = YES;
				GCC_OPTIMIZATION_LEVEL = 0;
				GCC_PREPROCESSOR_DEFINITIONS = (
					"DEBUG=1",
					"$(inherited)",
				);
				GCC_WARN_64_TO_32_BIT_CONVERSION = YES;
				GCC_WARN_ABOUT_RETURN_TYPE = YES_ERROR;
				GCC_WARN_UNDECLARED_SELECTOR = YES;
				GCC_WARN_UNINITIALIZED_AUTOS = YES_AGGRESSIVE;
				GCC_WARN_UNUSED_FUNCTION = YES;
				GCC_WARN_UNUSED_VARIABLE = YES;
				IPHONEOS_DEPLOYMENT_TARGET = 9.1;
				MTL_ENABLE_DEBUG_INFO = YES;
				ONLY_ACTIVE_ARCH = YES;
				SDKROOT = iphoneos;
			};
			name = Debug;
		};
		49C3E3A81C43885600A7D81D /* Release */ = {
			isa = XCBuildConfiguration;
			buildSettings = {
				ALWAYS_SEARCH_USER_PATHS = NO;
				CLANG_CXX_LANGUAGE_STANDARD = "gnu++0x";
				CLANG_CXX_LIBRARY = "libc++";
				CLANG_ENABLE_MODULES = YES;
				CLANG_ENABLE_OBJC_ARC = YES;
				CLANG_WARN_BOOL_CONVERSION = YES;
				CLANG_WARN_CONSTANT_CONVERSION = YES;
				CLANG_WARN_DIRECT_OBJC_ISA_USAGE = YES_ERROR;
				CLANG_WARN_EMPTY_BODY = YES;
				CLANG_WARN_ENUM_CONVERSION = YES;
				CLANG_WARN_INT_CONVERSION = YES;
				CLANG_WARN_OBJC_ROOT_CLASS = YES_ERROR;
				CLANG_WARN_UNREACHABLE_CODE = YES;
				CLANG_WARN__DUPLICATE_METHOD_MATCH = YES;
				"CODE_SIGN_IDENTITY[sdk=iphoneos*]" = "iPhone Developer";
				COPY_PHASE_STRIP = NO;
				DEBUG_INFORMATION_FORMAT = "dwarf-with-dsym";
				ENABLE_NS_ASSERTIONS = NO;
				ENABLE_STRICT_OBJC_MSGSEND = YES;
				GCC_C_LANGUAGE_STANDARD = gnu99;
				GCC_NO_COMMON_BLOCKS = YES;
				GCC_WARN_64_TO_32_BIT_CONVERSION = YES;
				GCC_WARN_ABOUT_RETURN_TYPE = YES_ERROR;
				GCC_WARN_UNDECLARED_SELECTOR = YES;
				GCC_WARN_UNINITIALIZED_AUTOS = YES_AGGRESSIVE;
				GCC_WARN_UNUSED_FUNCTION = YES;
				GCC_WARN_UNUSED_VARIABLE = YES;
				IPHONEOS_DEPLOYMENT_TARGET = 9.1;
				MTL_ENABLE_DEBUG_INFO = NO;
				SDKROOT = iphoneos;
				VALIDATE_PRODUCT = YES;
			};
			name = Release;
		};
		49C3E3AA1C43885600A7D81D /* Debug */ = {
			isa = XCBuildConfiguration;
			buildSettings = {
				ASSETCATALOG_COMPILER_APPICON_NAME = AppIcon;
				INFOPLIST_FILE = UI21_SQLite/Info.plist;
				LD_RUNPATH_SEARCH_PATHS = "$(inherited) @executable_path/Frameworks";
				PRODUCT_BUNDLE_IDENTIFIER = "com.lanou3g.UI21-SQLite";
				PRODUCT_NAME = "$(TARGET_NAME)";
			};
			name = Debug;
		};
		49C3E3AB1C43885600A7D81D /* Release */ = {
			isa = XCBuildConfiguration;
			buildSettings = {
				ASSETCATALOG_COMPILER_APPICON_NAME = AppIcon;
				INFOPLIST_FILE = UI21_SQLite/Info.plist;
				LD_RUNPATH_SEARCH_PATHS = "$(inherited) @executable_path/Frameworks";
				PRODUCT_BUNDLE_IDENTIFIER = "com.lanou3g.UI21-SQLite";
				PRODUCT_NAME = "$(TARGET_NAME)";
			};
			name = Release;
		};
		49C3E3AD1C43885600A7D81D /* Debug */ = {
			isa = XCBuildConfiguration;
			buildSettings = {
				BUNDLE_LOADER = "$(TEST_HOST)";
				INFOPLIST_FILE = UI21_SQLiteTests/Info.plist;
				LD_RUNPATH_SEARCH_PATHS = "$(inherited) @executable_path/Frameworks @loader_path/Frameworks";
				PRODUCT_BUNDLE_IDENTIFIER = "com.lanou3g.UI21-SQLiteTests";
				PRODUCT_NAME = "$(TARGET_NAME)";
				TEST_HOST = "$(BUILT_PRODUCTS_DIR)/UI21_SQLite.app/UI21_SQLite";
			};
			name = Debug;
		};
		49C3E3AE1C43885600A7D81D /* Release */ = {
			isa = XCBuildConfiguration;
			buildSettings = {
				BUNDLE_LOADER = "$(TEST_HOST)";
				INFOPLIST_FILE = UI21_SQLiteTests/Info.plist;
				LD_RUNPATH_SEARCH_PATHS = "$(inherited) @executable_path/Frameworks @loader_path/Frameworks";
				PRODUCT_BUNDLE_IDENTIFIER = "com.lanou3g.UI21-SQLiteTests";
				PRODUCT_NAME = "$(TARGET_NAME)";
				TEST_HOST = "$(BUILT_PRODUCTS_DIR)/UI21_SQLite.app/UI21_SQLite";
			};
			name = Release;
		};
		49C3E3B01C43885600A7D81D /* Debug */ = {
			isa = XCBuildConfiguration;
			buildSettings = {
				INFOPLIST_FILE = UI21_SQLiteUITests/Info.plist;
				LD_RUNPATH_SEARCH_PATHS = "$(inherited) @executable_path/Frameworks @loader_path/Frameworks";
				PRODUCT_BUNDLE_IDENTIFIER = "com.lanou3g.UI21-SQLiteUITests";
				PRODUCT_NAME = "$(TARGET_NAME)";
				TEST_TARGET_NAME = UI21_SQLite;
				USES_XCTRUNNER = YES;
			};
			name = Debug;
		};
		49C3E3B11C43885600A7D81D /* Release */ = {
			isa = XCBuildConfiguration;
			buildSettings = {
				INFOPLIST_FILE = UI21_SQLiteUITests/Info.plist;
				LD_RUNPATH_SEARCH_PATHS = "$(inherited) @executable_path/Frameworks @loader_path/Frameworks";
				PRODUCT_BUNDLE_IDENTIFIER = "com.lanou3g.UI21-SQLiteUITests";
				PRODUCT_NAME = "$(TARGET_NAME)";
				TEST_TARGET_NAME = UI21_SQLite;
				USES_XCTRUNNER = YES;
			};
			name = Release;
		};
/* End XCBuildConfiguration section */

/* Begin XCConfigurationList section */
		49C3E3771C43885600A7D81D /* Build configuration list for PBXProject "UI21_SQLite" */ = {
			isa = XCConfigurationList;
			buildConfigurations = (
				49C3E3A71C43885600A7D81D /* Debug */,
				49C3E3A81C43885600A7D81D /* Release */,
			);
			defaultConfigurationIsVisible = 0;
			defaultConfigurationName = Release;
		};
		49C3E3A91C43885600A7D81D /* Build configuration list for PBXNativeTarget "UI21_SQLite" */ = {
			isa = XCConfigurationList;
			buildConfigurations = (
				49C3E3AA1C43885600A7D81D /* Debug */,
				49C3E3AB1C43885600A7D81D /* Release */,
			);
			defaultConfigurationIsVisible = 0;
		};
		49C3E3AC1C43885600A7D81D /* Build configuration list for PBXNativeTarget "UI21_SQLiteTests" */ = {
			isa = XCConfigurationList;
			buildConfigurations = (
				49C3E3AD1C43885600A7D81D /* Debug */,
				49C3E3AE1C43885600A7D81D /* Release */,
			);
			defaultConfigurationIsVisible = 0;
		};
		49C3E3AF1C43885600A7D81D /* Build configuration list for PBXNativeTarget "UI21_SQLiteUITests" */ = {
			isa = XCConfigurationList;
			buildConfigurations = (
				49C3E3B01C43885600A7D81D /* Debug */,
				49C3E3B11C43885600A7D81D /* Release */,
			);
			defaultConfigurationIsVisible = 0;
		};
/* End XCConfigurationList section */
	};
	rootObject = 49C3E3741C43885600A7D81D /* Project object */;
}
