// !$*UTF8*$!
{
	archiveVersion = 1;
	classes = {
	};
	objectVersion = 46;
	objects = {

/* Begin PBXBuildFile section */
		4965D82C1C28FE5C0098DC54 /* main.m in Sources */ = {isa = PBXBuildFile; fileRef = 4965D82B1C28FE5C0098DC54 /* main.m */; };
		4965D82F1C28FE5C0098DC54 /* AppDelegate.m in Sources */ = {isa = PBXBuildFile; fileRef = 4965D82E1C28FE5C0098DC54 /* AppDelegate.m */; };
		4965D8321C28FE5C0098DC54 /* ViewController.m in Sources */ = {isa = PBXBuildFile; fileRef = 4965D8311C28FE5C0098DC54 /* ViewController.m */; };
		4965D8351C28FE5C0098DC54 /* Main.storyboard in Resources */ = {isa = PBXBuildFile; fileRef = 4965D8331C28FE5C0098DC54 /* Main.storyboard */; };
		4965D8371C28FE5C0098DC54 /* Assets.xcassets in Resources */ = {isa = PBXBuildFile; fileRef = 4965D8361C28FE5C0098DC54 /* Assets.xcassets */; };
		4965D83A1C28FE5C0098DC54 /* LaunchScreen.storyboard in Resources */ = {isa = PBXBuildFile; fileRef = 4965D8381C28FE5C0098DC54 /* LaunchScreen.storyboard */; };
		4965D8451C28FE5C0098DC54 /* UI08_UINavigationControllerTests.m in Sources */ = {isa = PBXBuildFile; fileRef = 4965D8441C28FE5C0098DC54 /* UI08_UINavigationControllerTests.m */; };
		4965D8501C28FE5C0098DC54 /* UI08_UINavigationControllerUITests.m in Sources */ = {isa = PBXBuildFile; fileRef = 4965D84F1C28FE5C0098DC54 /* UI08_UINavigationControllerUITests.m */; };
		4965D85F1C29020C0098DC54 /* SecondViewController.m in Sources */ = {isa = PBXBuildFile; fileRef = 4965D85E1C29020C0098DC54 /* SecondViewController.m */; };
		4965D8621C29242C0098DC54 /* thirdViewController.m in Sources */ = {isa = PBXBuildFile; fileRef = 4965D8611C29242C0098DC54 /* thirdViewController.m */; };
		4965D8661C2941D80098DC54 /* 2.png in Resources */ = {isa = PBXBuildFile; fileRef = 4965D8651C2941D80098DC54 /* 2.png */; };
		4965D8681C29433C0098DC54 /* 1.png in Resources */ = {isa = PBXBuildFile; fileRef = 4965D8671C29433C0098DC54 /* 1.png */; };
/* End PBXBuildFile section */

/* Begin PBXContainerItemProxy section */
		4965D8411C28FE5C0098DC54 /* PBXContainerItemProxy */ = {
			isa = PBXContainerItemProxy;
			containerPortal = 4965D81F1C28FE5C0098DC54 /* Project object */;
			proxyType = 1;
			remoteGlobalIDString = 4965D8261C28FE5C0098DC54;
			remoteInfo = UI08_UINavigationController;
		};
		4965D84C1C28FE5C0098DC54 /* PBXContainerItemProxy */ = {
			isa = PBXContainerItemProxy;
			containerPortal = 4965D81F1C28FE5C0098DC54 /* Project object */;
			proxyType = 1;
			remoteGlobalIDString = 4965D8261C28FE5C0098DC54;
			remoteInfo = UI08_UINavigationController;
		};
/* End PBXContainerItemProxy section */

/* Begin PBXFileReference section */
		4965D8271C28FE5C0098DC54 /* UI08_UINavigationController.app */ = {isa = PBXFileReference; explicitFileType = wrapper.application; includeInIndex = 0; path = UI08_UINavigationController.app; sourceTree = BUILT_PRODUCTS_DIR; };
		4965D82B1C28FE5C0098DC54 /* main.m */ = {isa = PBXFileReference; lastKnownFileType = sourcecode.c.objc; path = main.m; sourceTree = "<group>"; };
		4965D82D1C28FE5C0098DC54 /* AppDelegate.h */ = {isa = PBXFileReference; lastKnownFileType = sourcecode.c.h; path = AppDelegate.h; sourceTree = "<group>"; };
		4965D82E1C28FE5C0098DC54 /* AppDelegate.m */ = {isa = PBXFileReference; lastKnownFileType = sourcecode.c.objc; path = AppDelegate.m; sourceTree = "<group>"; };
		4965D8301C28FE5C0098DC54 /* ViewController.h */ = {isa = PBXFileReference; lastKnownFileType = sourcecode.c.h; path = ViewController.h; sourceTree = "<group>"; };
		4965D8311C28FE5C0098DC54 /* ViewController.m */ = {isa = PBXFileReference; lastKnownFileType = sourcecode.c.objc; path = ViewController.m; sourceTree = "<group>"; };
		4965D8341C28FE5C0098DC54 /* Base */ = {isa = PBXFileReference; lastKnownFileType = file.storyboard; name = Base; path = Base.lproj/Main.storyboard; sourceTree = "<group>"; };
		4965D8361C28FE5C0098DC54 /* Assets.xcassets */ = {isa = PBXFileReference; lastKnownFileType = folder.assetcatalog; path = Assets.xcassets; sourceTree = "<group>"; };
		4965D8391C28FE5C0098DC54 /* Base */ = {isa = PBXFileReference; lastKnownFileType = file.storyboard; name = Base; path = Base.lproj/LaunchScreen.storyboard; sourceTree = "<group>"; };
		4965D83B1C28FE5C0098DC54 /* Info.plist */ = {isa = PBXFileReference; lastKnownFileType = text.plist.xml; path = Info.plist; sourceTree = "<group>"; };
		4965D8401C28FE5C0098DC54 /* UI08_UINavigationControllerTests.xctest */ = {isa = PBXFileReference; explicitFileType = wrapper.cfbundle; includeInIndex = 0; path = UI08_UINavigationControllerTests.xctest; sourceTree = BUILT_PRODUCTS_DIR; };
		4965D8441C28FE5C0098DC54 /* UI08_UINavigationControllerTests.m */ = {isa = PBXFileReference; lastKnownFileType = sourcecode.c.objc; path = UI08_UINavigationControllerTests.m; sourceTree = "<group>"; };
		4965D8461C28FE5C0098DC54 /* Info.plist */ = {isa = PBXFileReference; lastKnownFileType = text.plist.xml; path = Info.plist; sourceTree = "<group>"; };
		4965D84B1C28FE5C0098DC54 /* UI08_UINavigationControllerUITests.xctest */ = {isa = PBXFileReference; explicitFileType = wrapper.cfbundle; includeInIndex = 0; path = UI08_UINavigationControllerUITests.xctest; sourceTree = BUILT_PRODUCTS_DIR; };
		4965D84F1C28FE5C0098DC54 /* UI08_UINavigationControllerUITests.m */ = {isa = PBXFileReference; lastKnownFileType = sourcecode.c.objc; path = UI08_UINavigationControllerUITests.m; sourceTree = "<group>"; };
		4965D8511C28FE5C0098DC54 /* Info.plist */ = {isa = PBXFileReference; lastKnownFileType = text.plist.xml; path = Info.plist; sourceTree = "<group>"; };
		4965D85D1C29020C0098DC54 /* SecondViewController.h */ = {isa = PBXFileReference; fileEncoding = 4; lastKnownFileType = sourcecode.c.h; path = SecondViewController.h; sourceTree = "<group>"; };
		4965D85E1C29020C0098DC54 /* SecondViewController.m */ = {isa = PBXFileReference; fileEncoding = 4; lastKnownFileType = sourcecode.c.objc; path = SecondViewController.m; sourceTree = "<group>"; };
		4965D8601C29242C0098DC54 /* thirdViewController.h */ = {isa = PBXFileReference; fileEncoding = 4; lastKnownFileType = sourcecode.c.h; path = thirdViewController.h; sourceTree = "<group>"; };
		4965D8611C29242C0098DC54 /* thirdViewController.m */ = {isa = PBXFileReference; fileEncoding = 4; lastKnownFileType = sourcecode.c.objc; path = thirdViewController.m; sourceTree = "<group>"; };
		4965D8651C2941D80098DC54 /* 2.png */ = {isa = PBXFileReference; lastKnownFileType = image.png; path = 2.png; sourceTree = "<group>"; };
		4965D8671C29433C0098DC54 /* 1.png */ = {isa = PBXFileReference; lastKnownFileType = image.png; path = 1.png; sourceTree = "<group>"; };
/* End PBXFileReference section */

/* Begin PBXFrameworksBuildPhase section */
		4965D8241C28FE5C0098DC54 /* Frameworks */ = {
			isa = PBXFrameworksBuildPhase;
			buildActionMask = 2147483647;
			files = (
			);
			runOnlyForDeploymentPostprocessing = 0;
		};
		4965D83D1C28FE5C0098DC54 /* Frameworks */ = {
			isa = PBXFrameworksBuildPhase;
			buildActionMask = 2147483647;
			files = (
			);
			runOnlyForDeploymentPostprocessing = 0;
		};
		4965D8481C28FE5C0098DC54 /* Frameworks */ = {
			isa = PBXFrameworksBuildPhase;
			buildActionMask = 2147483647;
			files = (
			);
			runOnlyForDeploymentPostprocessing = 0;
		};
/* End PBXFrameworksBuildPhase section */

/* Begin PBXGroup section */
		4965D81E1C28FE5C0098DC54 = {
			isa = PBXGroup;
			children = (
				4965D8291C28FE5C0098DC54 /* UI08_UINavigationController */,
				4965D8431C28FE5C0098DC54 /* UI08_UINavigationControllerTests */,
				4965D84E1C28FE5C0098DC54 /* UI08_UINavigationControllerUITests */,
				4965D8281C28FE5C0098DC54 /* Products */,
			);
			sourceTree = "<group>";
		};
		4965D8281C28FE5C0098DC54 /* Products */ = {
			isa = PBXGroup;
			children = (
				4965D8271C28FE5C0098DC54 /* UI08_UINavigationController.app */,
				4965D8401C28FE5C0098DC54 /* UI08_UINavigationControllerTests.xctest */,
				4965D84B1C28FE5C0098DC54 /* UI08_UINavigationControllerUITests.xctest */,
			);
			name = Products;
			sourceTree = "<group>";
		};
		4965D8291C28FE5C0098DC54 /* UI08_UINavigationController */ = {
			isa = PBXGroup;
			children = (
				4965D82D1C28FE5C0098DC54 /* AppDelegate.h */,
				4965D82E1C28FE5C0098DC54 /* AppDelegate.m */,
				4965D8671C29433C0098DC54 /* 1.png */,
				4965D8651C2941D80098DC54 /* 2.png */,
				4965D8301C28FE5C0098DC54 /* ViewController.h */,
				4965D8311C28FE5C0098DC54 /* ViewController.m */,
				4965D8601C29242C0098DC54 /* thirdViewController.h */,
				4965D8611C29242C0098DC54 /* thirdViewController.m */,
				4965D85D1C29020C0098DC54 /* SecondViewController.h */,
				4965D85E1C29020C0098DC54 /* SecondViewController.m */,
				4965D8331C28FE5C0098DC54 /* Main.storyboard */,
				4965D8361C28FE5C0098DC54 /* Assets.xcassets */,
				4965D8381C28FE5C0098DC54 /* LaunchScreen.storyboard */,
				4965D83B1C28FE5C0098DC54 /* Info.plist */,
				4965D82A1C28FE5C0098DC54 /* Supporting Files */,
			);
			path = UI08_UINavigationController;
			sourceTree = "<group>";
		};
		4965D82A1C28FE5C0098DC54 /* Supporting Files */ = {
			isa = PBXGroup;
			children = (
				4965D82B1C28FE5C0098DC54 /* main.m */,
			);
			name = "Supporting Files";
			sourceTree = "<group>";
		};
		4965D8431C28FE5C0098DC54 /* UI08_UINavigationControllerTests */ = {
			isa = PBXGroup;
			children = (
				4965D8441C28FE5C0098DC54 /* UI08_UINavigationControllerTests.m */,
				4965D8461C28FE5C0098DC54 /* Info.plist */,
			);
			path = UI08_UINavigationControllerTests;
			sourceTree = "<group>";
		};
		4965D84E1C28FE5C0098DC54 /* UI08_UINavigationControllerUITests */ = {
			isa = PBXGroup;
			children = (
				4965D84F1C28FE5C0098DC54 /* UI08_UINavigationControllerUITests.m */,
				4965D8511C28FE5C0098DC54 /* Info.plist */,
			);
			path = UI08_UINavigationControllerUITests;
			sourceTree = "<group>";
		};
/* End PBXGroup section */

/* Begin PBXNativeTarget section */
		4965D8261C28FE5C0098DC54 /* UI08_UINavigationController */ = {
			isa = PBXNativeTarget;
			buildConfigurationList = 4965D8541C28FE5C0098DC54 /* Build configuration list for PBXNativeTarget "UI08_UINavigationController" */;
			buildPhases = (
				4965D8231C28FE5C0098DC54 /* Sources */,
				4965D8241C28FE5C0098DC54 /* Frameworks */,
				4965D8251C28FE5C0098DC54 /* Resources */,
			);
			buildRules = (
			);
			dependencies = (
			);
			name = UI08_UINavigationController;
			productName = UI08_UINavigationController;
			productReference = 4965D8271C28FE5C0098DC54 /* UI08_UINavigationController.app */;
			productType = "com.apple.product-type.application";
		};
		4965D83F1C28FE5C0098DC54 /* UI08_UINavigationControllerTests */ = {
			isa = PBXNativeTarget;
			buildConfigurationList = 4965D8571C28FE5C0098DC54 /* Build configuration list for PBXNativeTarget "UI08_UINavigationControllerTests" */;
			buildPhases = (
				4965D83C1C28FE5C0098DC54 /* Sources */,
				4965D83D1C28FE5C0098DC54 /* Frameworks */,
				4965D83E1C28FE5C0098DC54 /* Resources */,
			);
			buildRules = (
			);
			dependencies = (
				4965D8421C28FE5C0098DC54 /* PBXTargetDependency */,
			);
			name = UI08_UINavigationControllerTests;
			productName = UI08_UINavigationControllerTests;
			productReference = 4965D8401C28FE5C0098DC54 /* UI08_UINavigationControllerTests.xctest */;
			productType = "com.apple.product-type.bundle.unit-test";
		};
		4965D84A1C28FE5C0098DC54 /* UI08_UINavigationControllerUITests */ = {
			isa = PBXNativeTarget;
			buildConfigurationList = 4965D85A1C28FE5C0098DC54 /* Build configuration list for PBXNativeTarget "UI08_UINavigationControllerUITests" */;
			buildPhases = (
				4965D8471C28FE5C0098DC54 /* Sources */,
				4965D8481C28FE5C0098DC54 /* Frameworks */,
				4965D8491C28FE5C0098DC54 /* Resources */,
			);
			buildRules = (
			);
			dependencies = (
				4965D84D1C28FE5C0098DC54 /* PBXTargetDependency */,
			);
			name = UI08_UINavigationControllerUITests;
			productName = UI08_UINavigationControllerUITests;
			productReference = 4965D84B1C28FE5C0098DC54 /* UI08_UINavigationControllerUITests.xctest */;
			productType = "com.apple.product-type.bundle.ui-testing";
		};
/* End PBXNativeTarget section */

/* Begin PBXProject section */
		4965D81F1C28FE5C0098DC54 /* Project object */ = {
			isa = PBXProject;
			attributes = {
				LastUpgradeCheck = 0710;
				ORGANIZATIONNAME = dllo;
				TargetAttributes = {
					4965D8261C28FE5C0098DC54 = {
						CreatedOnToolsVersion = 7.1;
					};
					4965D83F1C28FE5C0098DC54 = {
						CreatedOnToolsVersion = 7.1;
						TestTargetID = 4965D8261C28FE5C0098DC54;
					};
					4965D84A1C28FE5C0098DC54 = {
						CreatedOnToolsVersion = 7.1;
						TestTargetID = 4965D8261C28FE5C0098DC54;
					};
				};
			};
			buildConfigurationList = 4965D8221C28FE5C0098DC54 /* Build configuration list for PBXProject "UI08_UINavigationController" */;
			compatibilityVersion = "Xcode 3.2";
			developmentRegion = English;
			hasScannedForEncodings = 0;
			knownRegions = (
				en,
				Base,
			);
			mainGroup = 4965D81E1C28FE5C0098DC54;
			productRefGroup = 4965D8281C28FE5C0098DC54 /* Products */;
			projectDirPath = "";
			projectRoot = "";
			targets = (
				4965D8261C28FE5C0098DC54 /* UI08_UINavigationController */,
				4965D83F1C28FE5C0098DC54 /* UI08_UINavigationControllerTests */,
				4965D84A1C28FE5C0098DC54 /* UI08_UINavigationControllerUITests */,
			);
		};
/* End PBXProject section */

/* Begin PBXResourcesBuildPhase section */
		4965D8251C28FE5C0098DC54 /* Resources */ = {
			isa = PBXResourcesBuildPhase;
			buildActionMask = 2147483647;
			files = (
				4965D8661C2941D80098DC54 /* 2.png in Resources */,
				4965D83A1C28FE5C0098DC54 /* LaunchScreen.storyboard in Resources */,
				4965D8681C29433C0098DC54 /* 1.png in Resources */,
				4965D8371C28FE5C0098DC54 /* Assets.xcassets in Resources */,
				4965D8351C28FE5C0098DC54 /* Main.storyboard in Resources */,
			);
			runOnlyForDeploymentPostprocessing = 0;
		};
		4965D83E1C28FE5C0098DC54 /* Resources */ = {
			isa = PBXResourcesBuildPhase;
			buildActionMask = 2147483647;
			files = (
			);
			runOnlyForDeploymentPostprocessing = 0;
		};
		4965D8491C28FE5C0098DC54 /* Resources */ = {
			isa = PBXResourcesBuildPhase;
			buildActionMask = 2147483647;
			files = (
			);
			runOnlyForDeploymentPostprocessing = 0;
		};
/* End PBXResourcesBuildPhase section */

/* Begin PBXSourcesBuildPhase section */
		4965D8231C28FE5C0098DC54 /* Sources */ = {
			isa = PBXSourcesBuildPhase;
			buildActionMask = 2147483647;
			files = (
				4965D85F1C29020C0098DC54 /* SecondViewController.m in Sources */,
				4965D8321C28FE5C0098DC54 /* ViewController.m in Sources */,
				4965D82F1C28FE5C0098DC54 /* AppDelegate.m in Sources */,
				4965D82C1C28FE5C0098DC54 /* main.m in Sources */,
				4965D8621C29242C0098DC54 /* thirdViewController.m in Sources */,
			);
			runOnlyForDeploymentPostprocessing = 0;
		};
		4965D83C1C28FE5C0098DC54 /* Sources */ = {
			isa = PBXSourcesBuildPhase;
			buildActionMask = 2147483647;
			files = (
				4965D8451C28FE5C0098DC54 /* UI08_UINavigationControllerTests.m in Sources */,
			);
			runOnlyForDeploymentPostprocessing = 0;
		};
		4965D8471C28FE5C0098DC54 /* Sources */ = {
			isa = PBXSourcesBuildPhase;
			buildActionMask = 2147483647;
			files = (
				4965D8501C28FE5C0098DC54 /* UI08_UINavigationControllerUITests.m in Sources */,
			);
			runOnlyForDeploymentPostprocessing = 0;
		};
/* End PBXSourcesBuildPhase section */

/* Begin PBXTargetDependency section */
		4965D8421C28FE5C0098DC54 /* PBXTargetDependency */ = {
			isa = PBXTargetDependency;
			target = 4965D8261C28FE5C0098DC54 /* UI08_UINavigationController */;
			targetProxy = 4965D8411C28FE5C0098DC54 /* PBXContainerItemProxy */;
		};
		4965D84D1C28FE5C0098DC54 /* PBXTargetDependency */ = {
			isa = PBXTargetDependency;
			target = 4965D8261C28FE5C0098DC54 /* UI08_UINavigationController */;
			targetProxy = 4965D84C1C28FE5C0098DC54 /* PBXContainerItemProxy */;
		};
/* End PBXTargetDependency section */

/* Begin PBXVariantGroup section */
		4965D8331C28FE5C0098DC54 /* Main.storyboard */ = {
			isa = PBXVariantGroup;
			children = (
				4965D8341C28FE5C0098DC54 /* Base */,
			);
			name = Main.storyboard;
			sourceTree = "<group>";
		};
		4965D8381C28FE5C0098DC54 /* LaunchScreen.storyboard */ = {
			isa = PBXVariantGroup;
			children = (
				4965D8391C28FE5C0098DC54 /* Base */,
			);
			name = LaunchScreen.storyboard;
			sourceTree = "<group>";
		};
/* End PBXVariantGroup section */

/* Begin XCBuildConfiguration section */
		4965D8521C28FE5C0098DC54 /* Debug */ = {
			isa = XCBuildConfiguration;
			buildSettings = {
				ALWAYS_SEARCH_USER_PATHS = NO;
				CLANG_CXX_LANGUAGE_STANDARD = "gnu++0x";
				CLANG_CXX_LIBRARY = "libc++";
				CLANG_ENABLE_MODULES = YES;
				CLANG_ENABLE_OBJC_ARC = NO;
				CLANG_WARN_BOOL_CONVERSION = YES;
				CLANG_WARN_CONSTANT_CONVERSION = YES;
				CLANG_WARN_DIRECT_OBJC_ISA_USAGE = YES_ERROR;
				CLANG_WARN_EMPTY_BODY = YES;
				CLANG_WARN_ENUM_CONVERSION = YES;
				CLANG_WARN_INT_CONVERSION = YES;
				CLANG_WARN_OBJC_ROOT_CLASS = YES_ERROR;
				CLANG_WARN_UNREACHABLE_CODE = YES;
				CLANG_WARN__DUPLICATE_METHOD_MATCH = YES;
				"CODE_SIGN_IDENTITY[sdk=iphoneos*]" = "iPhone Developer";
				COPY_PHASE_STRIP = NO;
				DEBUG_INFORMATION_FORMAT = dwarf;
				ENABLE_STRICT_OBJC_MSGSEND = YES;
				ENABLE_TESTABILITY = YES;
				GCC_C_LANGUAGE_STANDARD = gnu99;
				GCC_DYNAMIC_NO_PIC = NO;
				GCC_NO_COMMON_BLOCKS = YES;
				GCC_OPTIMIZATION_LEVEL = 0;
				GCC_PREPROCESSOR_DEFINITIONS = (
					"DEBUG=1",
					"$(inherited)",
				);
				GCC_WARN_64_TO_32_BIT_CONVERSION = YES;
				GCC_WARN_ABOUT_RETURN_TYPE = YES_ERROR;
				GCC_WARN_UNDECLARED_SELECTOR = YES;
				GCC_WARN_UNINITIALIZED_AUTOS = YES_AGGRESSIVE;
				GCC_WARN_UNUSED_FUNCTION = YES;
				GCC_WARN_UNUSED_VARIABLE = YES;
				IPHONEOS_DEPLOYMENT_TARGET = 9.1;
				MTL_ENABLE_DEBUG_INFO = YES;
				ONLY_ACTIVE_ARCH = YES;
				SDKROOT = iphoneos;
			};
			name = Debug;
		};
		4965D8531C28FE5C0098DC54 /* Release */ = {
			isa = XCBuildConfiguration;
			buildSettings = {
				ALWAYS_SEARCH_USER_PATHS = NO;
				CLANG_CXX_LANGUAGE_STANDARD = "gnu++0x";
				CLANG_CXX_LIBRARY = "libc++";
				CLANG_ENABLE_MODULES = YES;
				CLANG_ENABLE_OBJC_ARC = NO;
				CLANG_WARN_BOOL_CONVERSION = YES;
				CLANG_WARN_CONSTANT_CONVERSION = YES;
				CLANG_WARN_DIRECT_OBJC_ISA_USAGE = YES_ERROR;
				CLANG_WARN_EMPTY_BODY = YES;
				CLANG_WARN_ENUM_CONVERSION = YES;
				CLANG_WARN_INT_CONVERSION = YES;
				CLANG_WARN_OBJC_ROOT_CLASS = YES_ERROR;
				CLANG_WARN_UNREACHABLE_CODE = YES;
				CLANG_WARN__DUPLICATE_METHOD_MATCH = YES;
				"CODE_SIGN_IDENTITY[sdk=iphoneos*]" = "iPhone Developer";
				COPY_PHASE_STRIP = NO;
				DEBUG_INFORMATION_FORMAT = "dwarf-with-dsym";
				ENABLE_NS_ASSERTIONS = NO;
				ENABLE_STRICT_OBJC_MSGSEND = YES;
				GCC_C_LANGUAGE_STANDARD = gnu99;
				GCC_NO_COMMON_BLOCKS = YES;
				GCC_WARN_64_TO_32_BIT_CONVERSION = YES;
				GCC_WARN_ABOUT_RETURN_TYPE = YES_ERROR;
				GCC_WARN_UNDECLARED_SELECTOR = YES;
				GCC_WARN_UNINITIALIZED_AUTOS = YES_AGGRESSIVE;
				GCC_WARN_UNUSED_FUNCTION = YES;
				GCC_WARN_UNUSED_VARIABLE = YES;
				IPHONEOS_DEPLOYMENT_TARGET = 9.1;
				MTL_ENABLE_DEBUG_INFO = NO;
				SDKROOT = iphoneos;
				VALIDATE_PRODUCT = YES;
			};
			name = Release;
		};
		4965D8551C28FE5C0098DC54 /* Debug */ = {
			isa = XCBuildConfiguration;
			buildSettings = {
				ASSETCATALOG_COMPILER_APPICON_NAME = AppIcon;
				INFOPLIST_FILE = UI08_UINavigationController/Info.plist;
				LD_RUNPATH_SEARCH_PATHS = "$(inherited) @executable_path/Frameworks";
				PRODUCT_BUNDLE_IDENTIFIER = "com.lanou3g.UI08-UINavigationController";
				PRODUCT_NAME = "$(TARGET_NAME)";
			};
			name = Debug;
		};
		4965D8561C28FE5C0098DC54 /* Release */ = {
			isa = XCBuildConfiguration;
			buildSettings = {
				ASSETCATALOG_COMPILER_APPICON_NAME = AppIcon;
				INFOPLIST_FILE = UI08_UINavigationController/Info.plist;
				LD_RUNPATH_SEARCH_PATHS = "$(inherited) @executable_path/Frameworks";
				PRODUCT_BUNDLE_IDENTIFIER = "com.lanou3g.UI08-UINavigationController";
				PRODUCT_NAME = "$(TARGET_NAME)";
			};
			name = Release;
		};
		4965D8581C28FE5C0098DC54 /* Debug */ = {
			isa = XCBuildConfiguration;
			buildSettings = {
				BUNDLE_LOADER = "$(TEST_HOST)";
				INFOPLIST_FILE = UI08_UINavigationControllerTests/Info.plist;
				LD_RUNPATH_SEARCH_PATHS = "$(inherited) @executable_path/Frameworks @loader_path/Frameworks";
				PRODUCT_BUNDLE_IDENTIFIER = "com.lanou3g.UI08-UINavigationControllerTests";
				PRODUCT_NAME = "$(TARGET_NAME)";
				TEST_HOST = "$(BUILT_PRODUCTS_DIR)/UI08_UINavigationController.app/UI08_UINavigationController";
			};
			name = Debug;
		};
		4965D8591C28FE5C0098DC54 /* Release */ = {
			isa = XCBuildConfiguration;
			buildSettings = {
				BUNDLE_LOADER = "$(TEST_HOST)";
				INFOPLIST_FILE = UI08_UINavigationControllerTests/Info.plist;
				LD_RUNPATH_SEARCH_PATHS = "$(inherited) @executable_path/Frameworks @loader_path/Frameworks";
				PRODUCT_BUNDLE_IDENTIFIER = "com.lanou3g.UI08-UINavigationControllerTests";
				PRODUCT_NAME = "$(TARGET_NAME)";
				TEST_HOST = "$(BUILT_PRODUCTS_DIR)/UI08_UINavigationController.app/UI08_UINavigationController";
			};
			name = Release;
		};
		4965D85B1C28FE5C0098DC54 /* Debug */ = {
			isa = XCBuildConfiguration;
			buildSettings = {
				INFOPLIST_FILE = UI08_UINavigationControllerUITests/Info.plist;
				LD_RUNPATH_SEARCH_PATHS = "$(inherited) @executable_path/Frameworks @loader_path/Frameworks";
				PRODUCT_BUNDLE_IDENTIFIER = "com.lanou3g.UI08-UINavigationControllerUITests";
				PRODUCT_NAME = "$(TARGET_NAME)";
				TEST_TARGET_NAME = UI08_UINavigationController;
				USES_XCTRUNNER = YES;
			};
			name = Debug;
		};
		4965D85C1C28FE5C0098DC54 /* Release */ = {
			isa = XCBuildConfiguration;
			buildSettings = {
				INFOPLIST_FILE = UI08_UINavigationControllerUITests/Info.plist;
				LD_RUNPATH_SEARCH_PATHS = "$(inherited) @executable_path/Frameworks @loader_path/Frameworks";
				PRODUCT_BUNDLE_IDENTIFIER = "com.lanou3g.UI08-UINavigationControllerUITests";
				PRODUCT_NAME = "$(TARGET_NAME)";
				TEST_TARGET_NAME = UI08_UINavigationController;
				USES_XCTRUNNER = YES;
			};
			name = Release;
		};
/* End XCBuildConfiguration section */

/* Begin XCConfigurationList section */
		4965D8221C28FE5C0098DC54 /* Build configuration list for PBXProject "UI08_UINavigationController" */ = {
			isa = XCConfigurationList;
			buildConfigurations = (
				4965D8521C28FE5C0098DC54 /* Debug */,
				4965D8531C28FE5C0098DC54 /* Release */,
			);
			defaultConfigurationIsVisible = 0;
			defaultConfigurationName = Release;
		};
		4965D8541C28FE5C0098DC54 /* Build configuration list for PBXNativeTarget "UI08_UINavigationController" */ = {
			isa = XCConfigurationList;
			buildConfigurations = (
				4965D8551C28FE5C0098DC54 /* Debug */,
				4965D8561C28FE5C0098DC54 /* Release */,
			);
			defaultConfigurationIsVisible = 0;
		};
		4965D8571C28FE5C0098DC54 /* Build configuration list for PBXNativeTarget "UI08_UINavigationControllerTests" */ = {
			isa = XCConfigurationList;
			buildConfigurations = (
				4965D8581C28FE5C0098DC54 /* Debug */,
				4965D8591C28FE5C0098DC54 /* Release */,
			);
			defaultConfigurationIsVisible = 0;
		};
		4965D85A1C28FE5C0098DC54 /* Build configuration list for PBXNativeTarget "UI08_UINavigationControllerUITests" */ = {
			isa = XCConfigurationList;
			buildConfigurations = (
				4965D85B1C28FE5C0098DC54 /* Debug */,
				4965D85C1C28FE5C0098DC54 /* Release */,
			);
			defaultConfigurationIsVisible = 0;
		};
/* End XCConfigurationList section */
	};
	rootObject = 4965D81F1C28FE5C0098DC54 /* Project object */;
}
