// !$*UTF8*$!
{
	archiveVersion = 1;
	classes = {
	};
	objectVersion = 46;
	objects = {

/* Begin PBXBuildFile section */
		49A123A41C2A45DC009DD30D /* main.m in Sources */ = {isa = PBXBuildFile; fileRef = 49A123A31C2A45DC009DD30D /* main.m */; };
		49A123A71C2A45DC009DD30D /* AppDelegate.m in Sources */ = {isa = PBXBuildFile; fileRef = 49A123A61C2A45DC009DD30D /* AppDelegate.m */; };
		49A123AA1C2A45DC009DD30D /* ViewController.m in Sources */ = {isa = PBXBuildFile; fileRef = 49A123A91C2A45DC009DD30D /* ViewController.m */; };
		49A123AD1C2A45DD009DD30D /* Main.storyboard in Resources */ = {isa = PBXBuildFile; fileRef = 49A123AB1C2A45DD009DD30D /* Main.storyboard */; };
		49A123AF1C2A45DD009DD30D /* Assets.xcassets in Resources */ = {isa = PBXBuildFile; fileRef = 49A123AE1C2A45DD009DD30D /* Assets.xcassets */; };
		49A123B21C2A45DD009DD30D /* LaunchScreen.storyboard in Resources */ = {isa = PBXBuildFile; fileRef = 49A123B01C2A45DD009DD30D /* LaunchScreen.storyboard */; };
		49A123BD1C2A45DD009DD30D /* UI08_modelTests.m in Sources */ = {isa = PBXBuildFile; fileRef = 49A123BC1C2A45DD009DD30D /* UI08_modelTests.m */; };
		49A123C81C2A45DD009DD30D /* UI08_modelUITests.m in Sources */ = {isa = PBXBuildFile; fileRef = 49A123C71C2A45DD009DD30D /* UI08_modelUITests.m */; };
		49A123D71C2A4908009DD30D /* secondViewController.m in Sources */ = {isa = PBXBuildFile; fileRef = 49A123D61C2A4908009DD30D /* secondViewController.m */; };
/* End PBXBuildFile section */

/* Begin PBXContainerItemProxy section */
		49A123B91C2A45DD009DD30D /* PBXContainerItemProxy */ = {
			isa = PBXContainerItemProxy;
			containerPortal = 49A123971C2A45DC009DD30D /* Project object */;
			proxyType = 1;
			remoteGlobalIDString = 49A1239E1C2A45DC009DD30D;
			remoteInfo = UI08_model;
		};
		49A123C41C2A45DD009DD30D /* PBXContainerItemProxy */ = {
			isa = PBXContainerItemProxy;
			containerPortal = 49A123971C2A45DC009DD30D /* Project object */;
			proxyType = 1;
			remoteGlobalIDString = 49A1239E1C2A45DC009DD30D;
			remoteInfo = UI08_model;
		};
/* End PBXContainerItemProxy section */

/* Begin PBXFileReference section */
		49A1239F1C2A45DC009DD30D /* UI08_model.app */ = {isa = PBXFileReference; explicitFileType = wrapper.application; includeInIndex = 0; path = UI08_model.app; sourceTree = BUILT_PRODUCTS_DIR; };
		49A123A31C2A45DC009DD30D /* main.m */ = {isa = PBXFileReference; lastKnownFileType = sourcecode.c.objc; path = main.m; sourceTree = "<group>"; };
		49A123A51C2A45DC009DD30D /* AppDelegate.h */ = {isa = PBXFileReference; lastKnownFileType = sourcecode.c.h; path = AppDelegate.h; sourceTree = "<group>"; };
		49A123A61C2A45DC009DD30D /* AppDelegate.m */ = {isa = PBXFileReference; lastKnownFileType = sourcecode.c.objc; path = AppDelegate.m; sourceTree = "<group>"; };
		49A123A81C2A45DC009DD30D /* ViewController.h */ = {isa = PBXFileReference; lastKnownFileType = sourcecode.c.h; path = ViewController.h; sourceTree = "<group>"; };
		49A123A91C2A45DC009DD30D /* ViewController.m */ = {isa = PBXFileReference; lastKnownFileType = sourcecode.c.objc; path = ViewController.m; sourceTree = "<group>"; };
		49A123AC1C2A45DD009DD30D /* Base */ = {isa = PBXFileReference; lastKnownFileType = file.storyboard; name = Base; path = Base.lproj/Main.storyboard; sourceTree = "<group>"; };
		49A123AE1C2A45DD009DD30D /* Assets.xcassets */ = {isa = PBXFileReference; lastKnownFileType = folder.assetcatalog; path = Assets.xcassets; sourceTree = "<group>"; };
		49A123B11C2A45DD009DD30D /* Base */ = {isa = PBXFileReference; lastKnownFileType = file.storyboard; name = Base; path = Base.lproj/LaunchScreen.storyboard; sourceTree = "<group>"; };
		49A123B31C2A45DD009DD30D /* Info.plist */ = {isa = PBXFileReference; lastKnownFileType = text.plist.xml; path = Info.plist; sourceTree = "<group>"; };
		49A123B81C2A45DD009DD30D /* UI08_modelTests.xctest */ = {isa = PBXFileReference; explicitFileType = wrapper.cfbundle; includeInIndex = 0; path = UI08_modelTests.xctest; sourceTree = BUILT_PRODUCTS_DIR; };
		49A123BC1C2A45DD009DD30D /* UI08_modelTests.m */ = {isa = PBXFileReference; lastKnownFileType = sourcecode.c.objc; path = UI08_modelTests.m; sourceTree = "<group>"; };
		49A123BE1C2A45DD009DD30D /* Info.plist */ = {isa = PBXFileReference; lastKnownFileType = text.plist.xml; path = Info.plist; sourceTree = "<group>"; };
		49A123C31C2A45DD009DD30D /* UI08_modelUITests.xctest */ = {isa = PBXFileReference; explicitFileType = wrapper.cfbundle; includeInIndex = 0; path = UI08_modelUITests.xctest; sourceTree = BUILT_PRODUCTS_DIR; };
		49A123C71C2A45DD009DD30D /* UI08_modelUITests.m */ = {isa = PBXFileReference; lastKnownFileType = sourcecode.c.objc; path = UI08_modelUITests.m; sourceTree = "<group>"; };
		49A123C91C2A45DD009DD30D /* Info.plist */ = {isa = PBXFileReference; lastKnownFileType = text.plist.xml; path = Info.plist; sourceTree = "<group>"; };
		49A123D51C2A4908009DD30D /* secondViewController.h */ = {isa = PBXFileReference; fileEncoding = 4; lastKnownFileType = sourcecode.c.h; path = secondViewController.h; sourceTree = "<group>"; };
		49A123D61C2A4908009DD30D /* secondViewController.m */ = {isa = PBXFileReference; fileEncoding = 4; lastKnownFileType = sourcecode.c.objc; path = secondViewController.m; sourceTree = "<group>"; };
/* End PBXFileReference section */

/* Begin PBXFrameworksBuildPhase section */
		49A1239C1C2A45DC009DD30D /* Frameworks */ = {
			isa = PBXFrameworksBuildPhase;
			buildActionMask = 2147483647;
			files = (
			);
			runOnlyForDeploymentPostprocessing = 0;
		};
		49A123B51C2A45DD009DD30D /* Frameworks */ = {
			isa = PBXFrameworksBuildPhase;
			buildActionMask = 2147483647;
			files = (
			);
			runOnlyForDeploymentPostprocessing = 0;
		};
		49A123C01C2A45DD009DD30D /* Frameworks */ = {
			isa = PBXFrameworksBuildPhase;
			buildActionMask = 2147483647;
			files = (
			);
			runOnlyForDeploymentPostprocessing = 0;
		};
/* End PBXFrameworksBuildPhase section */

/* Begin PBXGroup section */
		49A123961C2A45DC009DD30D = {
			isa = PBXGroup;
			children = (
				49A123A11C2A45DC009DD30D /* UI08_model */,
				49A123BB1C2A45DD009DD30D /* UI08_modelTests */,
				49A123C61C2A45DD009DD30D /* UI08_modelUITests */,
				49A123A01C2A45DC009DD30D /* Products */,
			);
			sourceTree = "<group>";
		};
		49A123A01C2A45DC009DD30D /* Products */ = {
			isa = PBXGroup;
			children = (
				49A1239F1C2A45DC009DD30D /* UI08_model.app */,
				49A123B81C2A45DD009DD30D /* UI08_modelTests.xctest */,
				49A123C31C2A45DD009DD30D /* UI08_modelUITests.xctest */,
			);
			name = Products;
			sourceTree = "<group>";
		};
		49A123A11C2A45DC009DD30D /* UI08_model */ = {
			isa = PBXGroup;
			children = (
				49A123A51C2A45DC009DD30D /* AppDelegate.h */,
				49A123A61C2A45DC009DD30D /* AppDelegate.m */,
				49A123D91C2A495A009DD30D /* vc1 */,
				49A123D81C2A4925009DD30D /* vc2 */,
				49A123AB1C2A45DD009DD30D /* Main.storyboard */,
				49A123AE1C2A45DD009DD30D /* Assets.xcassets */,
				49A123B01C2A45DD009DD30D /* LaunchScreen.storyboard */,
				49A123B31C2A45DD009DD30D /* Info.plist */,
				49A123A21C2A45DC009DD30D /* Supporting Files */,
			);
			path = UI08_model;
			sourceTree = "<group>";
		};
		49A123A21C2A45DC009DD30D /* Supporting Files */ = {
			isa = PBXGroup;
			children = (
				49A123A31C2A45DC009DD30D /* main.m */,
			);
			name = "Supporting Files";
			sourceTree = "<group>";
		};
		49A123BB1C2A45DD009DD30D /* UI08_modelTests */ = {
			isa = PBXGroup;
			children = (
				49A123BC1C2A45DD009DD30D /* UI08_modelTests.m */,
				49A123BE1C2A45DD009DD30D /* Info.plist */,
			);
			path = UI08_modelTests;
			sourceTree = "<group>";
		};
		49A123C61C2A45DD009DD30D /* UI08_modelUITests */ = {
			isa = PBXGroup;
			children = (
				49A123C71C2A45DD009DD30D /* UI08_modelUITests.m */,
				49A123C91C2A45DD009DD30D /* Info.plist */,
			);
			path = UI08_modelUITests;
			sourceTree = "<group>";
		};
		49A123D81C2A4925009DD30D /* vc2 */ = {
			isa = PBXGroup;
			children = (
				49A123D51C2A4908009DD30D /* secondViewController.h */,
				49A123D61C2A4908009DD30D /* secondViewController.m */,
			);
			name = vc2;
			sourceTree = "<group>";
		};
		49A123D91C2A495A009DD30D /* vc1 */ = {
			isa = PBXGroup;
			children = (
				49A123A81C2A45DC009DD30D /* ViewController.h */,
				49A123A91C2A45DC009DD30D /* ViewController.m */,
			);
			name = vc1;
			sourceTree = "<group>";
		};
/* End PBXGroup section */

/* Begin PBXNativeTarget section */
		49A1239E1C2A45DC009DD30D /* UI08_model */ = {
			isa = PBXNativeTarget;
			buildConfigurationList = 49A123CC1C2A45DD009DD30D /* Build configuration list for PBXNativeTarget "UI08_model" */;
			buildPhases = (
				49A1239B1C2A45DC009DD30D /* Sources */,
				49A1239C1C2A45DC009DD30D /* Frameworks */,
				49A1239D1C2A45DC009DD30D /* Resources */,
			);
			buildRules = (
			);
			dependencies = (
			);
			name = UI08_model;
			productName = UI08_model;
			productReference = 49A1239F1C2A45DC009DD30D /* UI08_model.app */;
			productType = "com.apple.product-type.application";
		};
		49A123B71C2A45DD009DD30D /* UI08_modelTests */ = {
			isa = PBXNativeTarget;
			buildConfigurationList = 49A123CF1C2A45DD009DD30D /* Build configuration list for PBXNativeTarget "UI08_modelTests" */;
			buildPhases = (
				49A123B41C2A45DD009DD30D /* Sources */,
				49A123B51C2A45DD009DD30D /* Frameworks */,
				49A123B61C2A45DD009DD30D /* Resources */,
			);
			buildRules = (
			);
			dependencies = (
				49A123BA1C2A45DD009DD30D /* PBXTargetDependency */,
			);
			name = UI08_modelTests;
			productName = UI08_modelTests;
			productReference = 49A123B81C2A45DD009DD30D /* UI08_modelTests.xctest */;
			productType = "com.apple.product-type.bundle.unit-test";
		};
		49A123C21C2A45DD009DD30D /* UI08_modelUITests */ = {
			isa = PBXNativeTarget;
			buildConfigurationList = 49A123D21C2A45DD009DD30D /* Build configuration list for PBXNativeTarget "UI08_modelUITests" */;
			buildPhases = (
				49A123BF1C2A45DD009DD30D /* Sources */,
				49A123C01C2A45DD009DD30D /* Frameworks */,
				49A123C11C2A45DD009DD30D /* Resources */,
			);
			buildRules = (
			);
			dependencies = (
				49A123C51C2A45DD009DD30D /* PBXTargetDependency */,
			);
			name = UI08_modelUITests;
			productName = UI08_modelUITests;
			productReference = 49A123C31C2A45DD009DD30D /* UI08_modelUITests.xctest */;
			productType = "com.apple.product-type.bundle.ui-testing";
		};
/* End PBXNativeTarget section */

/* Begin PBXProject section */
		49A123971C2A45DC009DD30D /* Project object */ = {
			isa = PBXProject;
			attributes = {
				LastUpgradeCheck = 0710;
				ORGANIZATIONNAME = dllo;
				TargetAttributes = {
					49A1239E1C2A45DC009DD30D = {
						CreatedOnToolsVersion = 7.1;
					};
					49A123B71C2A45DD009DD30D = {
						CreatedOnToolsVersion = 7.1;
						TestTargetID = 49A1239E1C2A45DC009DD30D;
					};
					49A123C21C2A45DD009DD30D = {
						CreatedOnToolsVersion = 7.1;
						TestTargetID = 49A1239E1C2A45DC009DD30D;
					};
				};
			};
			buildConfigurationList = 49A1239A1C2A45DC009DD30D /* Build configuration list for PBXProject "UI08_model" */;
			compatibilityVersion = "Xcode 3.2";
			developmentRegion = English;
			hasScannedForEncodings = 0;
			knownRegions = (
				en,
				Base,
			);
			mainGroup = 49A123961C2A45DC009DD30D;
			productRefGroup = 49A123A01C2A45DC009DD30D /* Products */;
			projectDirPath = "";
			projectRoot = "";
			targets = (
				49A1239E1C2A45DC009DD30D /* UI08_model */,
				49A123B71C2A45DD009DD30D /* UI08_modelTests */,
				49A123C21C2A45DD009DD30D /* UI08_modelUITests */,
			);
		};
/* End PBXProject section */

/* Begin PBXResourcesBuildPhase section */
		49A1239D1C2A45DC009DD30D /* Resources */ = {
			isa = PBXResourcesBuildPhase;
			buildActionMask = 2147483647;
			files = (
				49A123B21C2A45DD009DD30D /* LaunchScreen.storyboard in Resources */,
				49A123AF1C2A45DD009DD30D /* Assets.xcassets in Resources */,
				49A123AD1C2A45DD009DD30D /* Main.storyboard in Resources */,
			);
			runOnlyForDeploymentPostprocessing = 0;
		};
		49A123B61C2A45DD009DD30D /* Resources */ = {
			isa = PBXResourcesBuildPhase;
			buildActionMask = 2147483647;
			files = (
			);
			runOnlyForDeploymentPostprocessing = 0;
		};
		49A123C11C2A45DD009DD30D /* Resources */ = {
			isa = PBXResourcesBuildPhase;
			buildActionMask = 2147483647;
			files = (
			);
			runOnlyForDeploymentPostprocessing = 0;
		};
/* End PBXResourcesBuildPhase section */

/* Begin PBXSourcesBuildPhase section */
		49A1239B1C2A45DC009DD30D /* Sources */ = {
			isa = PBXSourcesBuildPhase;
			buildActionMask = 2147483647;
			files = (
				49A123D71C2A4908009DD30D /* secondViewController.m in Sources */,
				49A123AA1C2A45DC009DD30D /* ViewController.m in Sources */,
				49A123A71C2A45DC009DD30D /* AppDelegate.m in Sources */,
				49A123A41C2A45DC009DD30D /* main.m in Sources */,
			);
			runOnlyForDeploymentPostprocessing = 0;
		};
		49A123B41C2A45DD009DD30D /* Sources */ = {
			isa = PBXSourcesBuildPhase;
			buildActionMask = 2147483647;
			files = (
				49A123BD1C2A45DD009DD30D /* UI08_modelTests.m in Sources */,
			);
			runOnlyForDeploymentPostprocessing = 0;
		};
		49A123BF1C2A45DD009DD30D /* Sources */ = {
			isa = PBXSourcesBuildPhase;
			buildActionMask = 2147483647;
			files = (
				49A123C81C2A45DD009DD30D /* UI08_modelUITests.m in Sources */,
			);
			runOnlyForDeploymentPostprocessing = 0;
		};
/* End PBXSourcesBuildPhase section */

/* Begin PBXTargetDependency section */
		49A123BA1C2A45DD009DD30D /* PBXTargetDependency */ = {
			isa = PBXTargetDependency;
			target = 49A1239E1C2A45DC009DD30D /* UI08_model */;
			targetProxy = 49A123B91C2A45DD009DD30D /* PBXContainerItemProxy */;
		};
		49A123C51C2A45DD009DD30D /* PBXTargetDependency */ = {
			isa = PBXTargetDependency;
			target = 49A1239E1C2A45DC009DD30D /* UI08_model */;
			targetProxy = 49A123C41C2A45DD009DD30D /* PBXContainerItemProxy */;
		};
/* End PBXTargetDependency section */

/* Begin PBXVariantGroup section */
		49A123AB1C2A45DD009DD30D /* Main.storyboard */ = {
			isa = PBXVariantGroup;
			children = (
				49A123AC1C2A45DD009DD30D /* Base */,
			);
			name = Main.storyboard;
			sourceTree = "<group>";
		};
		49A123B01C2A45DD009DD30D /* LaunchScreen.storyboard */ = {
			isa = PBXVariantGroup;
			children = (
				49A123B11C2A45DD009DD30D /* Base */,
			);
			name = LaunchScreen.storyboard;
			sourceTree = "<group>";
		};
/* End PBXVariantGroup section */

/* Begin XCBuildConfiguration section */
		49A123CA1C2A45DD009DD30D /* Debug */ = {
			isa = XCBuildConfiguration;
			buildSettings = {
				ALWAYS_SEARCH_USER_PATHS = NO;
				CLANG_CXX_LANGUAGE_STANDARD = "gnu++0x";
				CLANG_CXX_LIBRARY = "libc++";
				CLANG_ENABLE_MODULES = YES;
				CLANG_ENABLE_OBJC_ARC = NO;
				CLANG_WARN_BOOL_CONVERSION = YES;
				CLANG_WARN_CONSTANT_CONVERSION = YES;
				CLANG_WARN_DIRECT_OBJC_ISA_USAGE = YES_ERROR;
				CLANG_WARN_EMPTY_BODY = YES;
				CLANG_WARN_ENUM_CONVERSION = YES;
				CLANG_WARN_INT_CONVERSION = YES;
				CLANG_WARN_OBJC_ROOT_CLASS = YES_ERROR;
				CLANG_WARN_UNREACHABLE_CODE = YES;
				CLANG_WARN__DUPLICATE_METHOD_MATCH = YES;
				"CODE_SIGN_IDENTITY[sdk=iphoneos*]" = "iPhone Developer";
				COPY_PHASE_STRIP = NO;
				DEBUG_INFORMATION_FORMAT = dwarf;
				ENABLE_STRICT_OBJC_MSGSEND = YES;
				ENABLE_TESTABILITY = YES;
				GCC_C_LANGUAGE_STANDARD = gnu99;
				GCC_DYNAMIC_NO_PIC = NO;
				GCC_NO_COMMON_BLOCKS = YES;
				GCC_OPTIMIZATION_LEVEL = 0;
				GCC_PREPROCESSOR_DEFINITIONS = (
					"DEBUG=1",
					"$(inherited)",
				);
				GCC_WARN_64_TO_32_BIT_CONVERSION = YES;
				GCC_WARN_ABOUT_RETURN_TYPE = YES_ERROR;
				GCC_WARN_UNDECLARED_SELECTOR = YES;
				GCC_WARN_UNINITIALIZED_AUTOS = YES_AGGRESSIVE;
				GCC_WARN_UNUSED_FUNCTION = YES;
				GCC_WARN_UNUSED_VARIABLE = YES;
				IPHONEOS_DEPLOYMENT_TARGET = 9.1;
				MTL_ENABLE_DEBUG_INFO = YES;
				ONLY_ACTIVE_ARCH = YES;
				SDKROOT = iphoneos;
			};
			name = Debug;
		};
		49A123CB1C2A45DD009DD30D /* Release */ = {
			isa = XCBuildConfiguration;
			buildSettings = {
				ALWAYS_SEARCH_USER_PATHS = NO;
				CLANG_CXX_LANGUAGE_STANDARD = "gnu++0x";
				CLANG_CXX_LIBRARY = "libc++";
				CLANG_ENABLE_MODULES = YES;
				CLANG_ENABLE_OBJC_ARC = NO;
				CLANG_WARN_BOOL_CONVERSION = YES;
				CLANG_WARN_CONSTANT_CONVERSION = YES;
				CLANG_WARN_DIRECT_OBJC_ISA_USAGE = YES_ERROR;
				CLANG_WARN_EMPTY_BODY = YES;
				CLANG_WARN_ENUM_CONVERSION = YES;
				CLANG_WARN_INT_CONVERSION = YES;
				CLANG_WARN_OBJC_ROOT_CLASS = YES_ERROR;
				CLANG_WARN_UNREACHABLE_CODE = YES;
				CLANG_WARN__DUPLICATE_METHOD_MATCH = YES;
				"CODE_SIGN_IDENTITY[sdk=iphoneos*]" = "iPhone Developer";
				COPY_PHASE_STRIP = NO;
				DEBUG_INFORMATION_FORMAT = "dwarf-with-dsym";
				ENABLE_NS_ASSERTIONS = NO;
				ENABLE_STRICT_OBJC_MSGSEND = YES;
				GCC_C_LANGUAGE_STANDARD = gnu99;
				GCC_NO_COMMON_BLOCKS = YES;
				GCC_WARN_64_TO_32_BIT_CONVERSION = YES;
				GCC_WARN_ABOUT_RETURN_TYPE = YES_ERROR;
				GCC_WARN_UNDECLARED_SELECTOR = YES;
				GCC_WARN_UNINITIALIZED_AUTOS = YES_AGGRESSIVE;
				GCC_WARN_UNUSED_FUNCTION = YES;
				GCC_WARN_UNUSED_VARIABLE = YES;
				IPHONEOS_DEPLOYMENT_TARGET = 9.1;
				MTL_ENABLE_DEBUG_INFO = NO;
				SDKROOT = iphoneos;
				VALIDATE_PRODUCT = YES;
			};
			name = Release;
		};
		49A123CD1C2A45DD009DD30D /* Debug */ = {
			isa = XCBuildConfiguration;
			buildSettings = {
				ASSETCATALOG_COMPILER_APPICON_NAME = AppIcon;
				INFOPLIST_FILE = UI08_model/Info.plist;
				LD_RUNPATH_SEARCH_PATHS = "$(inherited) @executable_path/Frameworks";
				PRODUCT_BUNDLE_IDENTIFIER = "com.lanou3g.UI08-model";
				PRODUCT_NAME = "$(TARGET_NAME)";
			};
			name = Debug;
		};
		49A123CE1C2A45DD009DD30D /* Release */ = {
			isa = XCBuildConfiguration;
			buildSettings = {
				ASSETCATALOG_COMPILER_APPICON_NAME = AppIcon;
				INFOPLIST_FILE = UI08_model/Info.plist;
				LD_RUNPATH_SEARCH_PATHS = "$(inherited) @executable_path/Frameworks";
				PRODUCT_BUNDLE_IDENTIFIER = "com.lanou3g.UI08-model";
				PRODUCT_NAME = "$(TARGET_NAME)";
			};
			name = Release;
		};
		49A123D01C2A45DD009DD30D /* Debug */ = {
			isa = XCBuildConfiguration;
			buildSettings = {
				BUNDLE_LOADER = "$(TEST_HOST)";
				INFOPLIST_FILE = UI08_modelTests/Info.plist;
				LD_RUNPATH_SEARCH_PATHS = "$(inherited) @executable_path/Frameworks @loader_path/Frameworks";
				PRODUCT_BUNDLE_IDENTIFIER = "com.lanou3g.UI08-modelTests";
				PRODUCT_NAME = "$(TARGET_NAME)";
				TEST_HOST = "$(BUILT_PRODUCTS_DIR)/UI08_model.app/UI08_model";
			};
			name = Debug;
		};
		49A123D11C2A45DD009DD30D /* Release */ = {
			isa = XCBuildConfiguration;
			buildSettings = {
				BUNDLE_LOADER = "$(TEST_HOST)";
				INFOPLIST_FILE = UI08_modelTests/Info.plist;
				LD_RUNPATH_SEARCH_PATHS = "$(inherited) @executable_path/Frameworks @loader_path/Frameworks";
				PRODUCT_BUNDLE_IDENTIFIER = "com.lanou3g.UI08-modelTests";
				PRODUCT_NAME = "$(TARGET_NAME)";
				TEST_HOST = "$(BUILT_PRODUCTS_DIR)/UI08_model.app/UI08_model";
			};
			name = Release;
		};
		49A123D31C2A45DD009DD30D /* Debug */ = {
			isa = XCBuildConfiguration;
			buildSettings = {
				INFOPLIST_FILE = UI08_modelUITests/Info.plist;
				LD_RUNPATH_SEARCH_PATHS = "$(inherited) @executable_path/Frameworks @loader_path/Frameworks";
				PRODUCT_BUNDLE_IDENTIFIER = "com.lanou3g.UI08-modelUITests";
				PRODUCT_NAME = "$(TARGET_NAME)";
				TEST_TARGET_NAME = UI08_model;
				USES_XCTRUNNER = YES;
			};
			name = Debug;
		};
		49A123D41C2A45DD009DD30D /* Release */ = {
			isa = XCBuildConfiguration;
			buildSettings = {
				INFOPLIST_FILE = UI08_modelUITests/Info.plist;
				LD_RUNPATH_SEARCH_PATHS = "$(inherited) @executable_path/Frameworks @loader_path/Frameworks";
				PRODUCT_BUNDLE_IDENTIFIER = "com.lanou3g.UI08-modelUITests";
				PRODUCT_NAME = "$(TARGET_NAME)";
				TEST_TARGET_NAME = UI08_model;
				USES_XCTRUNNER = YES;
			};
			name = Release;
		};
/* End XCBuildConfiguration section */

/* Begin XCConfigurationList section */
		49A1239A1C2A45DC009DD30D /* Build configuration list for PBXProject "UI08_model" */ = {
			isa = XCConfigurationList;
			buildConfigurations = (
				49A123CA1C2A45DD009DD30D /* Debug */,
				49A123CB1C2A45DD009DD30D /* Release */,
			);
			defaultConfigurationIsVisible = 0;
			defaultConfigurationName = Release;
		};
		49A123CC1C2A45DD009DD30D /* Build configuration list for PBXNativeTarget "UI08_model" */ = {
			isa = XCConfigurationList;
			buildConfigurations = (
				49A123CD1C2A45DD009DD30D /* Debug */,
				49A123CE1C2A45DD009DD30D /* Release */,
			);
			defaultConfigurationIsVisible = 0;
		};
		49A123CF1C2A45DD009DD30D /* Build configuration list for PBXNativeTarget "UI08_modelTests" */ = {
			isa = XCConfigurationList;
			buildConfigurations = (
				49A123D01C2A45DD009DD30D /* Debug */,
				49A123D11C2A45DD009DD30D /* Release */,
			);
			defaultConfigurationIsVisible = 0;
		};
		49A123D21C2A45DD009DD30D /* Build configuration list for PBXNativeTarget "UI08_modelUITests" */ = {
			isa = XCConfigurationList;
			buildConfigurations = (
				49A123D31C2A45DD009DD30D /* Debug */,
				49A123D41C2A45DD009DD30D /* Release */,
			);
			defaultConfigurationIsVisible = 0;
		};
/* End XCConfigurationList section */
	};
	rootObject = 49A123971C2A45DC009DD30D /* Project object */;
}
